PODS:
  - boost (1.76.0)
  - BVLinearGradient (2.6.2):
    - React-Core
  - CocoaAsyncSocket (7.6.5)
  - DoubleConversion (1.1.6)
  - FBLazyVector (0.69.6)
  - FBReactNativeSpec (0.69.6):
    - RCT-Folly (= 2021.06.28.00-v2)
    - RCTRequired (= 0.69.6)
    - RCTTypeSafety (= 0.69.6)
    - React-Core (= 0.69.6)
    - React-jsi (= 0.69.6)
    - ReactCommon/turbomodule/core (= 0.69.6)
  - Flipper (0.125.0):
    - Flipper-Folly (~> 2.6)
    - Flipper-RSocket (~> 1.4)
  - Flipper-Boost-iOSX (1.76.0.1.11)
  - Flipper-DoubleConversion (3.2.0.1)
  - Flipper-Fmt (7.1.7)
  - Flipper-Folly (2.6.10):
    - Flipper-Boost-iOSX
    - Flipper-DoubleConversion
    - Flipper-Fmt (= 7.1.7)
    - Flipper-Glog
    - libevent (~> 2.1.12)
    - OpenSSL-Universal (= 1.1.1100)
  - Flipper-Glog (0.5.0.5)
  - Flipper-PeerTalk (0.0.4)
  - Flipper-RSocket (1.4.3):
    - Flipper-Folly (~> 2.6)
  - FlipperKit (0.125.0):
    - FlipperKit/Core (= 0.125.0)
  - FlipperKit/Core (0.125.0):
    - Flipper (~> 0.125.0)
    - FlipperKit/CppBridge
    - FlipperKit/FBCxxFollyDynamicConvert
    - FlipperKit/FBDefines
    - FlipperKit/FKPortForwarding
    - SocketRocket (~> 0.6.0)
  - FlipperKit/CppBridge (0.125.0):
    - Flipper (~> 0.125.0)
  - FlipperKit/FBCxxFollyDynamicConvert (0.125.0):
    - Flipper-Folly (~> 2.6)
  - FlipperKit/FBDefines (0.125.0)
  - FlipperKit/FKPortForwarding (0.125.0):
    - CocoaAsyncSocket (~> 7.6)
    - Flipper-PeerTalk (~> 0.0.4)
  - FlipperKit/FlipperKitHighlightOverlay (0.125.0)
  - FlipperKit/FlipperKitLayoutHelpers (0.125.0):
    - FlipperKit/Core
    - FlipperKit/FlipperKitHighlightOverlay
    - FlipperKit/FlipperKitLayoutTextSearchable
  - FlipperKit/FlipperKitLayoutIOSDescriptors (0.125.0):
    - FlipperKit/Core
    - FlipperKit/FlipperKitHighlightOverlay
    - FlipperKit/FlipperKitLayoutHelpers
    - YogaKit (~> 1.18)
  - FlipperKit/FlipperKitLayoutPlugin (0.125.0):
    - FlipperKit/Core
    - FlipperKit/FlipperKitHighlightOverlay
    - FlipperKit/FlipperKitLayoutHelpers
    - FlipperKit/FlipperKitLayoutIOSDescriptors
    - FlipperKit/FlipperKitLayoutTextSearchable
    - YogaKit (~> 1.18)
  - FlipperKit/FlipperKitLayoutTextSearchable (0.125.0)
  - FlipperKit/FlipperKitNetworkPlugin (0.125.0):
    - FlipperKit/Core
  - FlipperKit/FlipperKitReactPlugin (0.125.0):
    - FlipperKit/Core
  - FlipperKit/FlipperKitUserDefaultsPlugin (0.125.0):
    - FlipperKit/Core
  - FlipperKit/SKIOSNetworkPlugin (0.125.0):
    - FlipperKit/Core
    - FlipperKit/FlipperKitNetworkPlugin
  - fmt (6.2.1)
  - glog (0.3.5)
  - libevent (2.1.12)
  - libwebp (1.2.3):
    - libwebp/demux (= 1.2.3)
    - libwebp/mux (= 1.2.3)
    - libwebp/webp (= 1.2.3)
  - libwebp/demux (1.2.3):
    - libwebp/webp
  - libwebp/mux (1.2.3):
    - libwebp/demux
  - libwebp/webp (1.2.3)
  - OpenSSL-Universal (1.1.1100)
  - RCT-Folly (2021.06.28.00-v2):
    - boost
    - DoubleConversion
    - fmt (~> 6.2.1)
    - glog
    - RCT-Folly/Default (= 2021.06.28.00-v2)
  - RCT-Folly/Default (2021.06.28.00-v2):
    - boost
    - DoubleConversion
    - fmt (~> 6.2.1)
    - glog
  - RCTRequired (0.69.6)
  - RCTTypeSafety (0.69.6):
    - FBLazyVector (= 0.69.6)
    - RCTRequired (= 0.69.6)
    - React-Core (= 0.69.6)
  - React (0.69.6):
    - React-Core (= 0.69.6)
    - React-Core/DevSupport (= 0.69.6)
    - React-Core/RCTWebSocket (= 0.69.6)
    - React-RCTActionSheet (= 0.69.6)
    - React-RCTAnimation (= 0.69.6)
    - React-RCTBlob (= 0.69.6)
    - React-RCTImage (= 0.69.6)
    - React-RCTLinking (= 0.69.6)
    - React-RCTNetwork (= 0.69.6)
    - React-RCTSettings (= 0.69.6)
    - React-RCTText (= 0.69.6)
    - React-RCTVibration (= 0.69.6)
  - React-bridging (0.69.6):
    - RCT-Folly (= 2021.06.28.00-v2)
    - React-jsi (= 0.69.6)
  - React-callinvoker (0.69.6)
  - React-Codegen (0.69.6):
    - FBReactNativeSpec (= 0.69.6)
    - RCT-Folly (= 2021.06.28.00-v2)
    - RCTRequired (= 0.69.6)
    - RCTTypeSafety (= 0.69.6)
    - React-Core (= 0.69.6)
    - React-jsi (= 0.69.6)
    - React-jsiexecutor (= 0.69.6)
    - ReactCommon/turbomodule/core (= 0.69.6)
  - React-Core (0.69.6):
    - glog
    - RCT-Folly (= 2021.06.28.00-v2)
    - React-Core/Default (= 0.69.6)
    - React-cxxreact (= 0.69.6)
    - React-jsi (= 0.69.6)
    - React-jsiexecutor (= 0.69.6)
    - React-perflogger (= 0.69.6)
    - Yoga
  - React-Core/CoreModulesHeaders (0.69.6):
    - glog
    - RCT-Folly (= 2021.06.28.00-v2)
    - React-Core/Default
    - React-cxxreact (= 0.69.6)
    - React-jsi (= 0.69.6)
    - React-jsiexecutor (= 0.69.6)
    - React-perflogger (= 0.69.6)
    - Yoga
  - React-Core/Default (0.69.6):
    - glog
    - RCT-Folly (= 2021.06.28.00-v2)
    - React-cxxreact (= 0.69.6)
    - React-jsi (= 0.69.6)
    - React-jsiexecutor (= 0.69.6)
    - React-perflogger (= 0.69.6)
    - Yoga
  - React-Core/DevSupport (0.69.6):
    - glog
    - RCT-Folly (= 2021.06.28.00-v2)
    - React-Core/Default (= 0.69.6)
    - React-Core/RCTWebSocket (= 0.69.6)
    - React-cxxreact (= 0.69.6)
    - React-jsi (= 0.69.6)
    - React-jsiexecutor (= 0.69.6)
    - React-jsinspector (= 0.69.6)
    - React-perflogger (= 0.69.6)
    - Yoga
  - React-Core/RCTActionSheetHeaders (0.69.6):
    - glog
    - RCT-Folly (= 2021.06.28.00-v2)
    - React-Core/Default
    - React-cxxreact (= 0.69.6)
    - React-jsi (= 0.69.6)
    - React-jsiexecutor (= 0.69.6)
    - React-perflogger (= 0.69.6)
    - Yoga
  - React-Core/RCTAnimationHeaders (0.69.6):
    - glog
    - RCT-Folly (= 2021.06.28.00-v2)
    - React-Core/Default
    - React-cxxreact (= 0.69.6)
    - React-jsi (= 0.69.6)
    - React-jsiexecutor (= 0.69.6)
    - React-perflogger (= 0.69.6)
    - Yoga
  - React-Core/RCTBlobHeaders (0.69.6):
    - glog
    - RCT-Folly (= 2021.06.28.00-v2)
    - React-Core/Default
    - React-cxxreact (= 0.69.6)
    - React-jsi (= 0.69.6)
    - React-jsiexecutor (= 0.69.6)
    - React-perflogger (= 0.69.6)
    - Yoga
  - React-Core/RCTImageHeaders (0.69.6):
    - glog
    - RCT-Folly (= 2021.06.28.00-v2)
    - React-Core/Default
    - React-cxxreact (= 0.69.6)
    - React-jsi (= 0.69.6)
    - React-jsiexecutor (= 0.69.6)
    - React-perflogger (= 0.69.6)
    - Yoga
  - React-Core/RCTLinkingHeaders (0.69.6):
    - glog
    - RCT-Folly (= 2021.06.28.00-v2)
    - React-Core/Default
    - React-cxxreact (= 0.69.6)
    - React-jsi (= 0.69.6)
    - React-jsiexecutor (= 0.69.6)
    - React-perflogger (= 0.69.6)
    - Yoga
  - React-Core/RCTNetworkHeaders (0.69.6):
    - glog
    - RCT-Folly (= 2021.06.28.00-v2)
    - React-Core/Default
    - React-cxxreact (= 0.69.6)
    - React-jsi (= 0.69.6)
    - React-jsiexecutor (= 0.69.6)
    - React-perflogger (= 0.69.6)
    - Yoga
  - React-Core/RCTSettingsHeaders (0.69.6):
    - glog
    - RCT-Folly (= 2021.06.28.00-v2)
    - React-Core/Default
    - React-cxxreact (= 0.69.6)
    - React-jsi (= 0.69.6)
    - React-jsiexecutor (= 0.69.6)
    - React-perflogger (= 0.69.6)
    - Yoga
  - React-Core/RCTTextHeaders (0.69.6):
    - glog
    - RCT-Folly (= 2021.06.28.00-v2)
    - React-Core/Default
    - React-cxxreact (= 0.69.6)
    - React-jsi (= 0.69.6)
    - React-jsiexecutor (= 0.69.6)
    - React-perflogger (= 0.69.6)
    - Yoga
  - React-Core/RCTVibrationHeaders (0.69.6):
    - glog
    - RCT-Folly (= 2021.06.28.00-v2)
    - React-Core/Default
    - React-cxxreact (= 0.69.6)
    - React-jsi (= 0.69.6)
    - React-jsiexecutor (= 0.69.6)
    - React-perflogger (= 0.69.6)
    - Yoga
  - React-Core/RCTWebSocket (0.69.6):
    - glog
    - RCT-Folly (= 2021.06.28.00-v2)
    - React-Core/Default (= 0.69.6)
    - React-cxxreact (= 0.69.6)
    - React-jsi (= 0.69.6)
    - React-jsiexecutor (= 0.69.6)
    - React-perflogger (= 0.69.6)
    - Yoga
  - React-CoreModules (0.69.6):
    - RCT-Folly (= 2021.06.28.00-v2)
    - RCTTypeSafety (= 0.69.6)
    - React-Codegen (= 0.69.6)
    - React-Core/CoreModulesHeaders (= 0.69.6)
    - React-jsi (= 0.69.6)
    - React-RCTImage (= 0.69.6)
    - ReactCommon/turbomodule/core (= 0.69.6)
  - React-cxxreact (0.69.6):
    - boost (= 1.76.0)
    - DoubleConversion
    - glog
    - RCT-Folly (= 2021.06.28.00-v2)
    - React-callinvoker (= 0.69.6)
    - React-jsi (= 0.69.6)
    - React-jsinspector (= 0.69.6)
    - React-logger (= 0.69.6)
    - React-perflogger (= 0.69.6)
    - React-runtimeexecutor (= 0.69.6)
  - React-jsi (0.69.6):
    - boost (= 1.76.0)
    - DoubleConversion
    - glog
    - RCT-Folly (= 2021.06.28.00-v2)
    - React-jsi/Default (= 0.69.6)
  - React-jsi/Default (0.69.6):
    - boost (= 1.76.0)
    - DoubleConversion
    - glog
    - RCT-Folly (= 2021.06.28.00-v2)
  - React-jsiexecutor (0.69.6):
    - DoubleConversion
    - glog
    - RCT-Folly (= 2021.06.28.00-v2)
    - React-cxxreact (= 0.69.6)
    - React-jsi (= 0.69.6)
    - React-perflogger (= 0.69.6)
  - React-jsinspector (0.69.6)
  - React-logger (0.69.6):
    - glog
  - react-native-cameraroll (5.0.4):
    - React-Core
  - react-native-geocoder (0.5.1):
    - React
  - react-native-geolocation-service (5.3.1):
    - React
  - react-native-image-resizer (1.4.5):
    - React-Core
  - react-native-inat-camera (1.0.0):
    - React
  - react-native-mail (6.1.1):
    - React-Core
  - react-native-maps (1.3.2):
    - React-Core
  - react-native-netinfo (6.2.1):
    - React-Core
  - react-native-pager-view (5.4.25):
    - React-Core
  - react-native-render-html (5.1.1):
    - React-Core
  - react-native-restart (0.0.24):
    - React-Core
  - react-native-safe-area-context (3.4.1):
    - React-Core
  - react-native-uuid-generator (6.1.1):
    - React
  - react-native-webview (11.23.1):
    - React-Core
  - React-perflogger (0.69.6)
  - React-RCTActionSheet (0.69.6):
    - React-Core/RCTActionSheetHeaders (= 0.69.6)
  - React-RCTAnimation (0.69.6):
    - RCT-Folly (= 2021.06.28.00-v2)
    - RCTTypeSafety (= 0.69.6)
    - React-Codegen (= 0.69.6)
    - React-Core/RCTAnimationHeaders (= 0.69.6)
    - React-jsi (= 0.69.6)
    - ReactCommon/turbomodule/core (= 0.69.6)
  - React-RCTBlob (0.69.6):
    - RCT-Folly (= 2021.06.28.00-v2)
    - React-Codegen (= 0.69.6)
    - React-Core/RCTBlobHeaders (= 0.69.6)
    - React-Core/RCTWebSocket (= 0.69.6)
    - React-jsi (= 0.69.6)
    - React-RCTNetwork (= 0.69.6)
    - ReactCommon/turbomodule/core (= 0.69.6)
  - React-RCTImage (0.69.6):
    - RCT-Folly (= 2021.06.28.00-v2)
    - RCTTypeSafety (= 0.69.6)
    - React-Codegen (= 0.69.6)
    - React-Core/RCTImageHeaders (= 0.69.6)
    - React-jsi (= 0.69.6)
    - React-RCTNetwork (= 0.69.6)
    - ReactCommon/turbomodule/core (= 0.69.6)
  - React-RCTLinking (0.69.6):
    - React-Codegen (= 0.69.6)
    - React-Core/RCTLinkingHeaders (= 0.69.6)
    - React-jsi (= 0.69.6)
    - ReactCommon/turbomodule/core (= 0.69.6)
  - React-RCTNetwork (0.69.6):
    - RCT-Folly (= 2021.06.28.00-v2)
    - RCTTypeSafety (= 0.69.6)
    - React-Codegen (= 0.69.6)
    - React-Core/RCTNetworkHeaders (= 0.69.6)
    - React-jsi (= 0.69.6)
    - ReactCommon/turbomodule/core (= 0.69.6)
  - React-RCTSettings (0.69.6):
    - RCT-Folly (= 2021.06.28.00-v2)
    - RCTTypeSafety (= 0.69.6)
    - React-Codegen (= 0.69.6)
    - React-Core/RCTSettingsHeaders (= 0.69.6)
    - React-jsi (= 0.69.6)
    - ReactCommon/turbomodule/core (= 0.69.6)
  - React-RCTText (0.69.6):
    - React-Core/RCTTextHeaders (= 0.69.6)
  - React-RCTVibration (0.69.6):
    - RCT-Folly (= 2021.06.28.00-v2)
    - React-Codegen (= 0.69.6)
    - React-Core/RCTVibrationHeaders (= 0.69.6)
    - React-jsi (= 0.69.6)
    - ReactCommon/turbomodule/core (= 0.69.6)
  - React-runtimeexecutor (0.69.6):
    - React-jsi (= 0.69.6)
  - ReactCommon/turbomodule/core (0.69.6):
    - DoubleConversion
    - glog
    - RCT-Folly (= 2021.06.28.00-v2)
    - React-bridging (= 0.69.6)
    - React-callinvoker (= 0.69.6)
    - React-Core (= 0.69.6)
    - React-cxxreact (= 0.69.6)
    - React-jsi (= 0.69.6)
    - React-logger (= 0.69.6)
    - React-perflogger (= 0.69.6)
  - ReactNativeWebPFormat (1.1.2):
    - React
    - SDWebImageWebPCoder
  - RealmJS (11.0.0-rc.1):
    - React
  - RNCAsyncStorage (1.17.10):
    - React-Core
  - RNCClipboard (1.5.1):
    - React-Core
  - RNCMaskedView (0.2.8):
    - React-Core
  - RNCPicker (2.4.8):
    - React-Core
  - RNDateTimePicker (3.5.2):
    - React-Core
  - RNDeviceInfo (8.7.1):
    - React-Core
  - RNFS (2.20.0):
    - React-Core
  - RNGestureHandler (2.7.1):
    - React-Core
  - RNImageMarker (0.6.3):
    - React
  - RNLocalize (2.2.4):
    - React-Core
  - RNQuickAction (0.3.13):
    - React
  - RNReanimated (2.10.0):
    - DoubleConversion
    - FBLazyVector
    - FBReactNativeSpec
    - glog
    - RCT-Folly
    - RCTRequired
    - RCTTypeSafety
    - React-callinvoker
    - React-Core
    - React-Core/DevSupport
    - React-Core/RCTWebSocket
    - React-CoreModules
    - React-cxxreact
    - React-jsi
    - React-jsiexecutor
    - React-jsinspector
    - React-RCTActionSheet
    - React-RCTAnimation
    - React-RCTBlob
    - React-RCTImage
    - React-RCTLinking
    - React-RCTNetwork
    - React-RCTSettings
    - React-RCTText
    - ReactCommon/turbomodule/core
    - Yoga
  - RNScreens (3.17.0):
    - React-Core
    - React-RCTImage
  - RNShare (7.9.0):
    - React-Core
  - RNStoreReview (0.2.1):
    - React-Core
  - RNSVG (12.4.4):
    - React-Core
  - SDWebImage/Core (5.13.4)
  - SDWebImageWebPCoder (0.9.1):
    - libwebp (~> 1.0)
    - SDWebImage/Core (~> 5.13)
  - SocketRocket (0.6.0)
  - Yoga (1.14.0)
  - YogaKit (1.18.1):
    - Yoga (~> 1.14)

DEPENDENCIES:
  - boost (from `../node_modules/react-native/third-party-podspecs/boost.podspec`)
  - BVLinearGradient (from `../node_modules/react-native-linear-gradient`)
  - DoubleConversion (from `../node_modules/react-native/third-party-podspecs/DoubleConversion.podspec`)
  - FBLazyVector (from `../node_modules/react-native/Libraries/FBLazyVector`)
  - FBReactNativeSpec (from `../node_modules/react-native/React/FBReactNativeSpec`)
  - Flipper (= 0.125.0)
  - Flipper-Boost-iOSX (= 1.76.0.1.11)
  - Flipper-DoubleConversion (= 3.2.0.1)
  - Flipper-Fmt (= 7.1.7)
  - Flipper-Folly (= 2.6.10)
  - Flipper-Glog (= 0.5.0.5)
  - Flipper-PeerTalk (= 0.0.4)
  - Flipper-RSocket (= 1.4.3)
  - FlipperKit (= 0.125.0)
  - FlipperKit/Core (= 0.125.0)
  - FlipperKit/CppBridge (= 0.125.0)
  - FlipperKit/FBCxxFollyDynamicConvert (= 0.125.0)
  - FlipperKit/FBDefines (= 0.125.0)
  - FlipperKit/FKPortForwarding (= 0.125.0)
  - FlipperKit/FlipperKitHighlightOverlay (= 0.125.0)
  - FlipperKit/FlipperKitLayoutPlugin (= 0.125.0)
  - FlipperKit/FlipperKitLayoutTextSearchable (= 0.125.0)
  - FlipperKit/FlipperKitNetworkPlugin (= 0.125.0)
  - FlipperKit/FlipperKitReactPlugin (= 0.125.0)
  - FlipperKit/FlipperKitUserDefaultsPlugin (= 0.125.0)
  - FlipperKit/SKIOSNetworkPlugin (= 0.125.0)
  - glog (from `../node_modules/react-native/third-party-podspecs/glog.podspec`)
  - OpenSSL-Universal (= 1.1.1100)
  - RCT-Folly (from `../node_modules/react-native/third-party-podspecs/RCT-Folly.podspec`)
  - RCTRequired (from `../node_modules/react-native/Libraries/RCTRequired`)
  - RCTTypeSafety (from `../node_modules/react-native/Libraries/TypeSafety`)
  - React (from `../node_modules/react-native/`)
  - React-bridging (from `../node_modules/react-native/ReactCommon`)
  - React-callinvoker (from `../node_modules/react-native/ReactCommon/callinvoker`)
  - React-Codegen (from `build/generated/ios`)
  - React-Core (from `../node_modules/react-native/`)
  - React-Core/DevSupport (from `../node_modules/react-native/`)
  - React-Core/RCTWebSocket (from `../node_modules/react-native/`)
  - React-CoreModules (from `../node_modules/react-native/React/CoreModules`)
  - React-cxxreact (from `../node_modules/react-native/ReactCommon/cxxreact`)
  - React-jsi (from `../node_modules/react-native/ReactCommon/jsi`)
  - React-jsiexecutor (from `../node_modules/react-native/ReactCommon/jsiexecutor`)
  - React-jsinspector (from `../node_modules/react-native/ReactCommon/jsinspector`)
  - React-logger (from `../node_modules/react-native/ReactCommon/logger`)
  - "react-native-cameraroll (from `../node_modules/@react-native-camera-roll/camera-roll`)"
  - react-native-geocoder (from `../node_modules/react-native-geocoder`)
  - react-native-geolocation-service (from `../node_modules/react-native-geolocation-service`)
  - react-native-image-resizer (from `../node_modules/react-native-image-resizer`)
  - react-native-inat-camera (from `../node_modules/react-native-inat-camera`)
  - react-native-mail (from `../node_modules/react-native-mail`)
  - react-native-maps (from `../node_modules/react-native-maps`)
  - "react-native-netinfo (from `../node_modules/@react-native-community/netinfo`)"
  - react-native-pager-view (from `../node_modules/react-native-pager-view`)
  - react-native-render-html (from `../node_modules/react-native-render-html`)
  - react-native-restart (from `../node_modules/react-native-restart`)
  - react-native-safe-area-context (from `../node_modules/react-native-safe-area-context`)
  - react-native-uuid-generator (from `../node_modules/react-native-uuid-generator`)
  - react-native-webview (from `../node_modules/react-native-webview`)
  - React-perflogger (from `../node_modules/react-native/ReactCommon/reactperflogger`)
  - React-RCTActionSheet (from `../node_modules/react-native/Libraries/ActionSheetIOS`)
  - React-RCTAnimation (from `../node_modules/react-native/Libraries/NativeAnimation`)
  - React-RCTBlob (from `../node_modules/react-native/Libraries/Blob`)
  - React-RCTImage (from `../node_modules/react-native/Libraries/Image`)
  - React-RCTLinking (from `../node_modules/react-native/Libraries/LinkingIOS`)
  - React-RCTNetwork (from `../node_modules/react-native/Libraries/Network`)
  - React-RCTSettings (from `../node_modules/react-native/Libraries/Settings`)
  - React-RCTText (from `../node_modules/react-native/Libraries/Text`)
  - React-RCTVibration (from `../node_modules/react-native/Libraries/Vibration`)
  - React-runtimeexecutor (from `../node_modules/react-native/ReactCommon/runtimeexecutor`)
  - ReactCommon/turbomodule/core (from `../node_modules/react-native/ReactCommon`)
  - ReactNativeWebPFormat (from `../node_modules/react-native-webp-format`)
  - RealmJS (from `../node_modules/realm`)
  - "RNCAsyncStorage (from `../node_modules/@react-native-async-storage/async-storage`)"
  - "RNCClipboard (from `../node_modules/@react-native-community/clipboard`)"
  - "RNCMaskedView (from `../node_modules/@react-native-masked-view/masked-view`)"
  - "RNCPicker (from `../node_modules/@react-native-picker/picker`)"
  - "RNDateTimePicker (from `../node_modules/@react-native-community/datetimepicker`)"
  - RNDeviceInfo (from `../node_modules/react-native-device-info`)
  - RNFS (from `../node_modules/react-native-fs`)
  - RNGestureHandler (from `../node_modules/react-native-gesture-handler`)
  - RNImageMarker (from `../node_modules/react-native-image-marker`)
  - RNLocalize (from `../node_modules/react-native-localize`)
  - RNQuickAction (from `../node_modules/react-native-quick-actions`)
  - RNReanimated (from `../node_modules/react-native-reanimated`)
  - RNScreens (from `../node_modules/react-native-screens`)
  - RNShare (from `../node_modules/react-native-share`)
  - RNStoreReview (from `../node_modules/react-native-store-review`)
  - RNSVG (from `../node_modules/react-native-svg`)
  - Yoga (from `../node_modules/react-native/ReactCommon/yoga`)

SPEC REPOS:
  trunk:
    - CocoaAsyncSocket
    - Flipper
    - Flipper-Boost-iOSX
    - Flipper-DoubleConversion
    - Flipper-Fmt
    - Flipper-Folly
    - Flipper-Glog
    - Flipper-PeerTalk
    - Flipper-RSocket
    - FlipperKit
    - fmt
    - libevent
    - libwebp
    - OpenSSL-Universal
    - SDWebImage
    - SDWebImageWebPCoder
    - SocketRocket
    - YogaKit

EXTERNAL SOURCES:
  boost:
    :podspec: "../node_modules/react-native/third-party-podspecs/boost.podspec"
  BVLinearGradient:
    :path: "../node_modules/react-native-linear-gradient"
  DoubleConversion:
    :podspec: "../node_modules/react-native/third-party-podspecs/DoubleConversion.podspec"
  FBLazyVector:
    :path: "../node_modules/react-native/Libraries/FBLazyVector"
  FBReactNativeSpec:
    :path: "../node_modules/react-native/React/FBReactNativeSpec"
  glog:
    :podspec: "../node_modules/react-native/third-party-podspecs/glog.podspec"
  RCT-Folly:
    :podspec: "../node_modules/react-native/third-party-podspecs/RCT-Folly.podspec"
  RCTRequired:
    :path: "../node_modules/react-native/Libraries/RCTRequired"
  RCTTypeSafety:
    :path: "../node_modules/react-native/Libraries/TypeSafety"
  React:
    :path: "../node_modules/react-native/"
  React-bridging:
    :path: "../node_modules/react-native/ReactCommon"
  React-callinvoker:
    :path: "../node_modules/react-native/ReactCommon/callinvoker"
  React-Codegen:
    :path: build/generated/ios
  React-Core:
    :path: "../node_modules/react-native/"
  React-CoreModules:
    :path: "../node_modules/react-native/React/CoreModules"
  React-cxxreact:
    :path: "../node_modules/react-native/ReactCommon/cxxreact"
  React-jsi:
    :path: "../node_modules/react-native/ReactCommon/jsi"
  React-jsiexecutor:
    :path: "../node_modules/react-native/ReactCommon/jsiexecutor"
  React-jsinspector:
    :path: "../node_modules/react-native/ReactCommon/jsinspector"
  React-logger:
    :path: "../node_modules/react-native/ReactCommon/logger"
  react-native-cameraroll:
    :path: "../node_modules/@react-native-camera-roll/camera-roll"
  react-native-geocoder:
    :path: "../node_modules/react-native-geocoder"
  react-native-geolocation-service:
    :path: "../node_modules/react-native-geolocation-service"
  react-native-image-resizer:
    :path: "../node_modules/react-native-image-resizer"
  react-native-inat-camera:
    :path: "../node_modules/react-native-inat-camera"
  react-native-mail:
    :path: "../node_modules/react-native-mail"
  react-native-maps:
    :path: "../node_modules/react-native-maps"
  react-native-netinfo:
    :path: "../node_modules/@react-native-community/netinfo"
  react-native-pager-view:
    :path: "../node_modules/react-native-pager-view"
  react-native-render-html:
    :path: "../node_modules/react-native-render-html"
  react-native-restart:
    :path: "../node_modules/react-native-restart"
  react-native-safe-area-context:
    :path: "../node_modules/react-native-safe-area-context"
  react-native-uuid-generator:
    :path: "../node_modules/react-native-uuid-generator"
  react-native-webview:
    :path: "../node_modules/react-native-webview"
  React-perflogger:
    :path: "../node_modules/react-native/ReactCommon/reactperflogger"
  React-RCTActionSheet:
    :path: "../node_modules/react-native/Libraries/ActionSheetIOS"
  React-RCTAnimation:
    :path: "../node_modules/react-native/Libraries/NativeAnimation"
  React-RCTBlob:
    :path: "../node_modules/react-native/Libraries/Blob"
  React-RCTImage:
    :path: "../node_modules/react-native/Libraries/Image"
  React-RCTLinking:
    :path: "../node_modules/react-native/Libraries/LinkingIOS"
  React-RCTNetwork:
    :path: "../node_modules/react-native/Libraries/Network"
  React-RCTSettings:
    :path: "../node_modules/react-native/Libraries/Settings"
  React-RCTText:
    :path: "../node_modules/react-native/Libraries/Text"
  React-RCTVibration:
    :path: "../node_modules/react-native/Libraries/Vibration"
  React-runtimeexecutor:
    :path: "../node_modules/react-native/ReactCommon/runtimeexecutor"
  ReactCommon:
    :path: "../node_modules/react-native/ReactCommon"
  ReactNativeWebPFormat:
    :path: "../node_modules/react-native-webp-format"
  RealmJS:
    :path: "../node_modules/realm"
  RNCAsyncStorage:
    :path: "../node_modules/@react-native-async-storage/async-storage"
  RNCClipboard:
    :path: "../node_modules/@react-native-community/clipboard"
  RNCMaskedView:
    :path: "../node_modules/@react-native-masked-view/masked-view"
  RNCPicker:
    :path: "../node_modules/@react-native-picker/picker"
  RNDateTimePicker:
    :path: "../node_modules/@react-native-community/datetimepicker"
  RNDeviceInfo:
    :path: "../node_modules/react-native-device-info"
  RNFS:
    :path: "../node_modules/react-native-fs"
  RNGestureHandler:
    :path: "../node_modules/react-native-gesture-handler"
  RNImageMarker:
    :path: "../node_modules/react-native-image-marker"
  RNLocalize:
    :path: "../node_modules/react-native-localize"
  RNQuickAction:
    :path: "../node_modules/react-native-quick-actions"
  RNReanimated:
    :path: "../node_modules/react-native-reanimated"
  RNScreens:
    :path: "../node_modules/react-native-screens"
  RNShare:
    :path: "../node_modules/react-native-share"
  RNStoreReview:
    :path: "../node_modules/react-native-store-review"
  RNSVG:
    :path: "../node_modules/react-native-svg"
  Yoga:
    :path: "../node_modules/react-native/ReactCommon/yoga"

SPEC CHECKSUMS:
  boost: a7c83b31436843459a1961bfd74b96033dc77234
  BVLinearGradient: 34a999fda29036898a09c6a6b728b0b4189e1a44
  CocoaAsyncSocket: 065fd1e645c7abab64f7a6a2007a48038fdc6a99
  DoubleConversion: 5189b271737e1565bdce30deb4a08d647e3f5f54
  FBLazyVector: 739d2f9719faecb463c7aa191591af31c8c94182
  FBReactNativeSpec: 957de82f66e31f2f14bbec34e37242282fdd26de
  Flipper: 26fc4b7382499f1281eb8cb921e5c3ad6de91fe0
  Flipper-Boost-iOSX: fd1e2b8cbef7e662a122412d7ac5f5bea715403c
  Flipper-DoubleConversion: 2dc99b02f658daf147069aad9dbd29d8feb06d30
  Flipper-Fmt: 60cbdd92fc254826e61d669a5d87ef7015396a9b
  Flipper-Folly: 584845625005ff068a6ebf41f857f468decd26b3
  Flipper-Glog: 70c50ce58ddaf67dc35180db05f191692570f446
  Flipper-PeerTalk: 116d8f857dc6ef55c7a5a75ea3ceaafe878aadc9
  Flipper-RSocket: d9d9ade67cbecf6ac10730304bf5607266dd2541
  FlipperKit: cbdee19bdd4e7f05472a66ce290f1b729ba3cb86
  fmt: ff9d55029c625d3757ed641535fd4a75fedc7ce9
  glog: 3d02b25ca00c2d456734d0bcff864cbc62f6ae1a
  libevent: 4049cae6c81cdb3654a443be001fb9bdceff7913
  libwebp: 60305b2e989864154bd9be3d772730f08fc6a59c
  OpenSSL-Universal: ebc357f1e6bc71fa463ccb2fe676756aff50e88c
  RCT-Folly: 4d8508a426467c48885f1151029bc15fa5d7b3b8
  RCTRequired: c8c080849a3670601d5c7056023a2176067a69d8
  RCTTypeSafety: 710aef40f5ae246bc5fff7e873855b17ed11c180
  React: b6bb382534be4de9d367ef3d04f92108c1768160
  React-bridging: 0fca0337cef9305026814907dd29254a833a2db7
  React-callinvoker: 700e6eb96b5f7f2fdd96d7263cd4627d2fa080ed
  React-Codegen: fd21633c4b9f47d0681bbb54b173a203963a5e4d
  React-Core: 8ec15c9727c8c01b1e4f14cad5bd21f7c1d56d49
  React-CoreModules: 79486447bf901292a83df52d4f7acbecda296723
  React-cxxreact: 9022135650dd9960a60a1361e9add424c6c37ab9
  React-jsi: 4ccb3599c422ad071e3895c5feab9b0afc40505d
  React-jsiexecutor: c61b60de03b3474e5749b8a8fd8e6507630d62c4
  React-jsinspector: eaacb698c5af7a99131bc1933806372c20222dfd
  React-logger: ebb4d31bbbe4f1a8a1a9b658d7429210b8f68160
  react-native-cameraroll: 38b40d9033e4077b6c603f92f95c6d05fa7907df
  react-native-geocoder: b9e3513006fbbfda0bf0ef9793317a8d4c861406
  react-native-geolocation-service: 608e1da71a1ac31b4de64d9ef2815f697978c55b
  react-native-image-resizer: d9fb629a867335bdc13230ac2a58702bb8c8828f
  react-native-inat-camera: 89c20ce89c726e9a3cc5f84c6dc8f01ddc1cdcb8
  react-native-mail: 8fdcd3aef007c33a6877a18eb4cf7447a1d4ce4a
  react-native-maps: 085f614cf14d3637b2048bb9752da5b1c27c2886
  react-native-netinfo: 3d3769f0d65de15c83a9bf1346f8be71de5a24bf
  react-native-pager-view: da490aa1f902c9a5aeecf0909cc975ad0e92e53e
  react-native-render-html: 012780b92993ab33b3ae0240b90e585d00c70808
  react-native-restart: 45c8dca02491980f2958595333cbccd6877cb57e
  react-native-safe-area-context: 9e40fb181dac02619414ba1294d6c2a807056ab9
  react-native-uuid-generator: 82ffa2a1cac94242ebed52c4dedc5044d3412717
  react-native-webview: d33e2db8925d090871ffeb232dfa50cb3a727581
  React-perflogger: 1fb1ad5333b43a5137afd7608695f7a42c5efd27
  React-RCTActionSheet: a435bd67689433575a1e5d7614b021d2c17f0726
  React-RCTAnimation: d097c5ed2d00735958508617555abd85183b94e2
  React-RCTBlob: f43a0fceb328e1a40aa52701a4eba955635444ab
  React-RCTImage: 08f4428e931efe0eefb94443c8ca08cfb250a556
  React-RCTLinking: 3a8851e818652582f87e5a7577302e6ad7e1de3e
  React-RCTNetwork: 19f7c66b612e2336eefdfbc7ab3a9bd8ca4e21cf
  React-RCTSettings: 9324e718a865ff01e4a96be4c65923581b2d5170
  React-RCTText: 9cadcd5d982c1d25f7439f47354b1c1b75e60105
  React-RCTVibration: 285f8538386c660e6b9497e204636acd93bf7fcc
  React-runtimeexecutor: 0af71c94f968fa10015bf0119951bccd2e4d8865
  ReactCommon: fe7580b9d10f00249facf25659e0ec051320cc8a
  ReactNativeWebPFormat: 4275844b80c2c385a10ab64f50264d720f2d691c
  RealmJS: 2f39ca82a7e299c0b17f0b18508564be0e67c1d9
  RNCAsyncStorage: 0c357f3156fcb16c8589ede67cc036330b6698ca
  RNCClipboard: 41d8d918092ae8e676f18adada19104fa3e68495
  RNCMaskedView: bc0170f389056201c82a55e242e5d90070e18e5a
  RNCPicker: 0bf8ef8f7800524f32d2bb2a8bcadd53eda0ecd1
  RNDateTimePicker: 7658208086d86d09e1627b5c34ba0cf237c60140
  RNDeviceInfo: aad3c663b25752a52bf8fce93f2354001dd185aa
  RNFS: 4ac0f0ea233904cb798630b3c077808c06931688
  RNGestureHandler: b7a872907ee289ada902127f2554fa1d2c076122
  RNImageMarker: 76cd113306bcfad2f74f78d83d5accfd50b4434a
  RNLocalize: 0df7970cfc60389f00eb62fd7c097dc75af3fb4f
  RNQuickAction: 6d404a869dc872cde841ad3147416a670d13fa93
  RNReanimated: 7faa787e8d4493fbc95fab2ad331fa7625828cfa
  RNScreens: 0df01424e9e0ed7827200d6ed1087ddd06c493f9
  RNShare: be91a5c149585affb02c25b351bd07ba927c7006
  RNStoreReview: e05edbbf426563070524cec384ac0b8df69be801
  RNSVG: ecd661f380a07ba690c9c5929c475a44f432d674
  SDWebImage: e5cc87bf736e60f49592f307bdf9e157189298a3
  SDWebImageWebPCoder: 18503de6621dd2c420d680e33d46bf8e1d5169b0
  SocketRocket: fccef3f9c5cedea1353a9ef6ada904fde10d6608
  Yoga: 75bf4b0131cfb46a659cd0c13309b79a6fcff66d
  YogaKit: f782866e155069a2cca2517aafea43200b01fd5a

PODFILE CHECKSUM: 210d3375353a2218a046f0a0fc431fb3643fcdd5

COCOAPODS: 1.11.3
