PODS:
  - boost (1.76.0)
  - BVLinearGradient (2.8.3):
    - React-Core
  - CocoaAsyncSocket (7.6.5)
  - DoubleConversion (1.1.6)
  - FBLazyVector (0.71.15)
  - FBReactNativeSpec (0.71.15):
    - RCT-Folly (= 2021.07.22.00)
    - RCTRequired (= 0.71.15)
    - RCTTypeSafety (= 0.71.15)
    - React-Core (= 0.71.15)
    - React-jsi (= 0.71.15)
    - ReactCommon/turbomodule/core (= 0.71.15)
  - Flipper (0.125.0):
    - Flipper-Folly (~> 2.6)
    - Flipper-RSocket (~> 1.4)
  - Flipper-Boost-iOSX (1.76.0.1.11)
  - Flipper-DoubleConversion (3.2.0.1)
  - Flipper-Fmt (7.1.7)
  - Flipper-Folly (2.6.10):
    - Flipper-Boost-iOSX
    - Flipper-DoubleConversion
    - Flipper-Fmt (= 7.1.7)
    - Flipper-Glog
    - libevent (~> 2.1.12)
    - OpenSSL-Universal (= 1.1.1100)
  - Flipper-Glog (0.5.0.5)
  - Flipper-PeerTalk (0.0.4)
  - Flipper-RSocket (1.4.3):
    - Flipper-Folly (~> 2.6)
  - FlipperKit (0.125.0):
    - FlipperKit/Core (= 0.125.0)
  - FlipperKit/Core (0.125.0):
    - Flipper (~> 0.125.0)
    - FlipperKit/CppBridge
    - FlipperKit/FBCxxFollyDynamicConvert
    - FlipperKit/FBDefines
    - FlipperKit/FKPortForwarding
    - SocketRocket (~> 0.6.0)
  - FlipperKit/CppBridge (0.125.0):
    - Flipper (~> 0.125.0)
  - FlipperKit/FBCxxFollyDynamicConvert (0.125.0):
    - Flipper-Folly (~> 2.6)
  - FlipperKit/FBDefines (0.125.0)
  - FlipperKit/FKPortForwarding (0.125.0):
    - CocoaAsyncSocket (~> 7.6)
    - Flipper-PeerTalk (~> 0.0.4)
  - FlipperKit/FlipperKitHighlightOverlay (0.125.0)
  - FlipperKit/FlipperKitLayoutHelpers (0.125.0):
    - FlipperKit/Core
    - FlipperKit/FlipperKitHighlightOverlay
    - FlipperKit/FlipperKitLayoutTextSearchable
  - FlipperKit/FlipperKitLayoutIOSDescriptors (0.125.0):
    - FlipperKit/Core
    - FlipperKit/FlipperKitHighlightOverlay
    - FlipperKit/FlipperKitLayoutHelpers
    - YogaKit (~> 1.18)
  - FlipperKit/FlipperKitLayoutPlugin (0.125.0):
    - FlipperKit/Core
    - FlipperKit/FlipperKitHighlightOverlay
    - FlipperKit/FlipperKitLayoutHelpers
    - FlipperKit/FlipperKitLayoutIOSDescriptors
    - FlipperKit/FlipperKitLayoutTextSearchable
    - YogaKit (~> 1.18)
  - FlipperKit/FlipperKitLayoutTextSearchable (0.125.0)
  - FlipperKit/FlipperKitNetworkPlugin (0.125.0):
    - FlipperKit/Core
  - FlipperKit/FlipperKitReactPlugin (0.125.0):
    - FlipperKit/Core
  - FlipperKit/FlipperKitUserDefaultsPlugin (0.125.0):
    - FlipperKit/Core
  - FlipperKit/SKIOSNetworkPlugin (0.125.0):
    - FlipperKit/Core
    - FlipperKit/FlipperKitNetworkPlugin
  - fmt (6.2.1)
  - glog (0.3.5)
  - hermes-engine (0.71.15):
    - hermes-engine/Pre-built (= 0.71.15)
  - hermes-engine/Pre-built (0.71.15)
  - libevent (2.1.12)
  - libwebp (1.2.3):
    - libwebp/demux (= 1.2.3)
    - libwebp/mux (= 1.2.3)
    - libwebp/webp (= 1.2.3)
  - libwebp/demux (1.2.3):
    - libwebp/webp
  - libwebp/mux (1.2.3):
    - libwebp/demux
  - libwebp/webp (1.2.3)
  - OpenSSL-Universal (1.1.1100)
  - RCT-Folly (2021.07.22.00):
    - boost
    - DoubleConversion
    - fmt (~> 6.2.1)
    - glog
    - RCT-Folly/Default (= 2021.07.22.00)
  - RCT-Folly/Default (2021.07.22.00):
    - boost
    - DoubleConversion
    - fmt (~> 6.2.1)
    - glog
  - RCT-Folly/Futures (2021.07.22.00):
    - boost
    - DoubleConversion
    - fmt (~> 6.2.1)
    - glog
    - libevent
  - RCTRequired (0.71.15)
  - RCTTypeSafety (0.71.15):
    - FBLazyVector (= 0.71.15)
    - RCTRequired (= 0.71.15)
    - React-Core (= 0.71.15)
  - React (0.71.15):
    - React-Core (= 0.71.15)
    - React-Core/DevSupport (= 0.71.15)
    - React-Core/RCTWebSocket (= 0.71.15)
    - React-RCTActionSheet (= 0.71.15)
    - React-RCTAnimation (= 0.71.15)
    - React-RCTBlob (= 0.71.15)
    - React-RCTImage (= 0.71.15)
    - React-RCTLinking (= 0.71.15)
    - React-RCTNetwork (= 0.71.15)
    - React-RCTSettings (= 0.71.15)
    - React-RCTText (= 0.71.15)
    - React-RCTVibration (= 0.71.15)
  - React-callinvoker (0.71.15)
  - React-Codegen (0.71.15):
    - FBReactNativeSpec
    - hermes-engine
    - RCT-Folly
    - RCTRequired
    - RCTTypeSafety
    - React-Core
    - React-jsi
    - React-jsiexecutor
    - ReactCommon/turbomodule/bridging
    - ReactCommon/turbomodule/core
  - React-Core (0.71.15):
    - glog
    - hermes-engine
    - RCT-Folly (= 2021.07.22.00)
    - React-Core/Default (= 0.71.15)
    - React-cxxreact (= 0.71.15)
    - React-hermes
    - React-jsi (= 0.71.15)
    - React-jsiexecutor (= 0.71.15)
    - React-perflogger (= 0.71.15)
    - Yoga
  - React-Core/CoreModulesHeaders (0.71.15):
    - glog
    - hermes-engine
    - RCT-Folly (= 2021.07.22.00)
    - React-Core/Default
    - React-cxxreact (= 0.71.15)
    - React-hermes
    - React-jsi (= 0.71.15)
    - React-jsiexecutor (= 0.71.15)
    - React-perflogger (= 0.71.15)
    - Yoga
  - React-Core/Default (0.71.15):
    - glog
    - hermes-engine
    - RCT-Folly (= 2021.07.22.00)
    - React-cxxreact (= 0.71.15)
    - React-hermes
    - React-jsi (= 0.71.15)
    - React-jsiexecutor (= 0.71.15)
    - React-perflogger (= 0.71.15)
    - Yoga
  - React-Core/DevSupport (0.71.15):
    - glog
    - hermes-engine
    - RCT-Folly (= 2021.07.22.00)
    - React-Core/Default (= 0.71.15)
    - React-Core/RCTWebSocket (= 0.71.15)
    - React-cxxreact (= 0.71.15)
    - React-hermes
    - React-jsi (= 0.71.15)
    - React-jsiexecutor (= 0.71.15)
    - React-jsinspector (= 0.71.15)
    - React-perflogger (= 0.71.15)
    - Yoga
  - React-Core/RCTActionSheetHeaders (0.71.15):
    - glog
    - hermes-engine
    - RCT-Folly (= 2021.07.22.00)
    - React-Core/Default
    - React-cxxreact (= 0.71.15)
    - React-hermes
    - React-jsi (= 0.71.15)
    - React-jsiexecutor (= 0.71.15)
    - React-perflogger (= 0.71.15)
    - Yoga
  - React-Core/RCTAnimationHeaders (0.71.15):
    - glog
    - hermes-engine
    - RCT-Folly (= 2021.07.22.00)
    - React-Core/Default
    - React-cxxreact (= 0.71.15)
    - React-hermes
    - React-jsi (= 0.71.15)
    - React-jsiexecutor (= 0.71.15)
    - React-perflogger (= 0.71.15)
    - Yoga
  - React-Core/RCTBlobHeaders (0.71.15):
    - glog
    - hermes-engine
    - RCT-Folly (= 2021.07.22.00)
    - React-Core/Default
    - React-cxxreact (= 0.71.15)
    - React-hermes
    - React-jsi (= 0.71.15)
    - React-jsiexecutor (= 0.71.15)
    - React-perflogger (= 0.71.15)
    - Yoga
  - React-Core/RCTImageHeaders (0.71.15):
    - glog
    - hermes-engine
    - RCT-Folly (= 2021.07.22.00)
    - React-Core/Default
    - React-cxxreact (= 0.71.15)
    - React-hermes
    - React-jsi (= 0.71.15)
    - React-jsiexecutor (= 0.71.15)
    - React-perflogger (= 0.71.15)
    - Yoga
  - React-Core/RCTLinkingHeaders (0.71.15):
    - glog
    - hermes-engine
    - RCT-Folly (= 2021.07.22.00)
    - React-Core/Default
    - React-cxxreact (= 0.71.15)
    - React-hermes
    - React-jsi (= 0.71.15)
    - React-jsiexecutor (= 0.71.15)
    - React-perflogger (= 0.71.15)
    - Yoga
  - React-Core/RCTNetworkHeaders (0.71.15):
    - glog
    - hermes-engine
    - RCT-Folly (= 2021.07.22.00)
    - React-Core/Default
    - React-cxxreact (= 0.71.15)
    - React-hermes
    - React-jsi (= 0.71.15)
    - React-jsiexecutor (= 0.71.15)
    - React-perflogger (= 0.71.15)
    - Yoga
  - React-Core/RCTSettingsHeaders (0.71.15):
    - glog
    - hermes-engine
    - RCT-Folly (= 2021.07.22.00)
    - React-Core/Default
    - React-cxxreact (= 0.71.15)
    - React-hermes
    - React-jsi (= 0.71.15)
    - React-jsiexecutor (= 0.71.15)
    - React-perflogger (= 0.71.15)
    - Yoga
  - React-Core/RCTTextHeaders (0.71.15):
    - glog
    - hermes-engine
    - RCT-Folly (= 2021.07.22.00)
    - React-Core/Default
    - React-cxxreact (= 0.71.15)
    - React-hermes
    - React-jsi (= 0.71.15)
    - React-jsiexecutor (= 0.71.15)
    - React-perflogger (= 0.71.15)
    - Yoga
  - React-Core/RCTVibrationHeaders (0.71.15):
    - glog
    - hermes-engine
    - RCT-Folly (= 2021.07.22.00)
    - React-Core/Default
    - React-cxxreact (= 0.71.15)
    - React-hermes
    - React-jsi (= 0.71.15)
    - React-jsiexecutor (= 0.71.15)
    - React-perflogger (= 0.71.15)
    - Yoga
  - React-Core/RCTWebSocket (0.71.15):
    - glog
    - hermes-engine
    - RCT-Folly (= 2021.07.22.00)
    - React-Core/Default (= 0.71.15)
    - React-cxxreact (= 0.71.15)
    - React-hermes
    - React-jsi (= 0.71.15)
    - React-jsiexecutor (= 0.71.15)
    - React-perflogger (= 0.71.15)
    - Yoga
  - React-CoreModules (0.71.15):
    - RCT-Folly (= 2021.07.22.00)
    - RCTTypeSafety (= 0.71.15)
    - React-Codegen (= 0.71.15)
    - React-Core/CoreModulesHeaders (= 0.71.15)
    - React-jsi (= 0.71.15)
    - React-RCTBlob
    - React-RCTImage (= 0.71.15)
    - ReactCommon/turbomodule/core (= 0.71.15)
  - React-cxxreact (0.71.15):
    - boost (= 1.76.0)
    - DoubleConversion
    - glog
    - hermes-engine
    - RCT-Folly (= 2021.07.22.00)
    - React-callinvoker (= 0.71.15)
    - React-jsi (= 0.71.15)
    - React-jsinspector (= 0.71.15)
    - React-logger (= 0.71.15)
    - React-perflogger (= 0.71.15)
    - React-runtimeexecutor (= 0.71.15)
  - React-hermes (0.71.15):
    - DoubleConversion
    - glog
    - hermes-engine
    - RCT-Folly (= 2021.07.22.00)
    - RCT-Folly/Futures (= 2021.07.22.00)
    - React-cxxreact (= 0.71.15)
    - React-jsi
    - React-jsiexecutor (= 0.71.15)
    - React-jsinspector (= 0.71.15)
    - React-perflogger (= 0.71.15)
  - React-jsi (0.71.15):
    - boost (= 1.76.0)
    - DoubleConversion
    - glog
    - hermes-engine
    - RCT-Folly (= 2021.07.22.00)
  - React-jsiexecutor (0.71.15):
    - DoubleConversion
    - glog
    - hermes-engine
    - RCT-Folly (= 2021.07.22.00)
    - React-cxxreact (= 0.71.15)
    - React-jsi (= 0.71.15)
    - React-perflogger (= 0.71.15)
  - React-jsinspector (0.71.15)
  - React-logger (0.71.15):
    - glog
  - react-native-cameraroll (5.9.0):
    - React-Core
  - react-native-geocoder (0.5.1):
    - React
  - react-native-geolocation-service (5.3.1):
    - React
  - react-native-image-marker (0.9.2):
    - React-Core
  - react-native-image-resizer (1.4.5):
    - React-Core
  - react-native-inat-camera (1.0.0):
    - React
  - react-native-mail (6.1.1):
    - React-Core
  - react-native-maps (1.7.1):
    - React-Core
  - react-native-netinfo (9.4.1):
    - React-Core
  - react-native-orientation-locker (1.5.0):
    - React-Core
  - react-native-pager-view (6.2.1):
    - React-Core
  - react-native-render-html (5.1.1):
    - React-Core
  - react-native-restart (0.0.27):
    - React-Core
  - react-native-safe-area-context (4.7.2):
    - React-Core
  - react-native-uuid-generator (6.1.1):
    - React
  - react-native-webview (11.26.1):
    - React-Core
  - React-perflogger (0.71.15)
  - React-RCTActionSheet (0.71.15):
    - React-Core/RCTActionSheetHeaders (= 0.71.15)
  - React-RCTAnimation (0.71.15):
    - RCT-Folly (= 2021.07.22.00)
    - RCTTypeSafety (= 0.71.15)
    - React-Codegen (= 0.71.15)
    - React-Core/RCTAnimationHeaders (= 0.71.15)
    - React-jsi (= 0.71.15)
    - ReactCommon/turbomodule/core (= 0.71.15)
  - React-RCTAppDelegate (0.71.15):
    - RCT-Folly
    - RCTRequired
    - RCTTypeSafety
    - React-Core
    - ReactCommon/turbomodule/core
  - React-RCTBlob (0.71.15):
    - hermes-engine
    - RCT-Folly (= 2021.07.22.00)
    - React-Codegen (= 0.71.15)
    - React-Core/RCTBlobHeaders (= 0.71.15)
    - React-Core/RCTWebSocket (= 0.71.15)
    - React-jsi (= 0.71.15)
    - React-RCTNetwork (= 0.71.15)
    - ReactCommon/turbomodule/core (= 0.71.15)
  - React-RCTImage (0.71.15):
    - RCT-Folly (= 2021.07.22.00)
    - RCTTypeSafety (= 0.71.15)
    - React-Codegen (= 0.71.15)
    - React-Core/RCTImageHeaders (= 0.71.15)
    - React-jsi (= 0.71.15)
    - React-RCTNetwork (= 0.71.15)
    - ReactCommon/turbomodule/core (= 0.71.15)
  - React-RCTLinking (0.71.15):
    - React-Codegen (= 0.71.15)
    - React-Core/RCTLinkingHeaders (= 0.71.15)
    - React-jsi (= 0.71.15)
    - ReactCommon/turbomodule/core (= 0.71.15)
  - React-RCTNetwork (0.71.15):
    - RCT-Folly (= 2021.07.22.00)
    - RCTTypeSafety (= 0.71.15)
    - React-Codegen (= 0.71.15)
    - React-Core/RCTNetworkHeaders (= 0.71.15)
    - React-jsi (= 0.71.15)
    - ReactCommon/turbomodule/core (= 0.71.15)
  - React-RCTSettings (0.71.15):
    - RCT-Folly (= 2021.07.22.00)
    - RCTTypeSafety (= 0.71.15)
    - React-Codegen (= 0.71.15)
    - React-Core/RCTSettingsHeaders (= 0.71.15)
    - React-jsi (= 0.71.15)
    - ReactCommon/turbomodule/core (= 0.71.15)
  - React-RCTText (0.71.15):
    - React-Core/RCTTextHeaders (= 0.71.15)
  - React-RCTVibration (0.71.15):
    - RCT-Folly (= 2021.07.22.00)
    - React-Codegen (= 0.71.15)
    - React-Core/RCTVibrationHeaders (= 0.71.15)
    - React-jsi (= 0.71.15)
    - ReactCommon/turbomodule/core (= 0.71.15)
  - React-runtimeexecutor (0.71.15):
    - React-jsi (= 0.71.15)
  - ReactCommon/turbomodule/bridging (0.71.15):
    - DoubleConversion
    - glog
    - hermes-engine
    - RCT-Folly (= 2021.07.22.00)
    - React-callinvoker (= 0.71.15)
    - React-Core (= 0.71.15)
    - React-cxxreact (= 0.71.15)
    - React-jsi (= 0.71.15)
    - React-logger (= 0.71.15)
    - React-perflogger (= 0.71.15)
  - ReactCommon/turbomodule/core (0.71.15):
    - DoubleConversion
    - glog
    - hermes-engine
    - RCT-Folly (= 2021.07.22.00)
    - React-callinvoker (= 0.71.15)
    - React-Core (= 0.71.15)
    - React-cxxreact (= 0.71.15)
    - React-jsi (= 0.71.15)
    - React-logger (= 0.71.15)
    - React-perflogger (= 0.71.15)
  - ReactNativeExceptionHandler (2.10.10):
    - React-Core
  - ReactNativeWebPFormat (1.2.0):
    - React-Core
    - SDWebImageWebPCoder
  - RealmJS (12.5.0):
    - React
  - RNCAsyncStorage (1.19.3):
    - React-Core
  - RNCClipboard (1.5.1):
    - React-Core
  - RNCMaskedView (0.2.9):
    - React-Core
  - RNCPicker (2.5.0):
    - React-Core
  - RNDateTimePicker (7.6.0):
    - React-Core
  - RNDeviceInfo (10.9.0):
    - React-Core
  - RNFlashList (1.6.1):
    - React-Core
  - RNFS (2.20.0):
    - React-Core
  - RNGestureHandler (2.13.0):
    - React-Core
  - RNLocalize (3.0.2):
    - React-Core
  - RNQuickAction (0.3.13):
    - React
  - RNReanimated (2.17.0):
    - DoubleConversion
    - FBLazyVector
    - FBReactNativeSpec
    - glog
    - RCT-Folly
    - RCTRequired
    - RCTTypeSafety
    - React-callinvoker
    - React-Core
    - React-Core/DevSupport
    - React-Core/RCTWebSocket
    - React-CoreModules
    - React-cxxreact
    - React-jsi
    - React-jsiexecutor
    - React-jsinspector
    - React-RCTActionSheet
    - React-RCTAnimation
    - React-RCTBlob
    - React-RCTImage
    - React-RCTLinking
    - React-RCTNetwork
    - React-RCTSettings
    - React-RCTText
    - ReactCommon/turbomodule/core
    - Yoga
  - RNScreens (3.20.0):
    - React-Core
    - React-RCTImage
  - RNShare (9.4.1):
    - React-Core
  - RNStoreReview (0.4.1):
    - React-Core
  - RNSVG (13.9.0):
    - React-Core
  - SDWebImage/Core (5.13.4)
  - SDWebImageWebPCoder (0.9.1):
    - libwebp (~> 1.0)
    - SDWebImage/Core (~> 5.13)
  - SocketRocket (0.6.0)
  - VisionCamera (2.15.4):
    - React
    - React-callinvoker
    - React-Core
  - VisionCameraPluginInatVision (0.1.0):
    - React-Core
  - Yoga (1.14.0)
  - YogaKit (1.18.1):
    - Yoga (~> 1.14)

DEPENDENCIES:
  - boost (from `../node_modules/react-native/third-party-podspecs/boost.podspec`)
  - BVLinearGradient (from `../node_modules/react-native-linear-gradient`)
  - DoubleConversion (from `../node_modules/react-native/third-party-podspecs/DoubleConversion.podspec`)
  - FBLazyVector (from `../node_modules/react-native/Libraries/FBLazyVector`)
  - FBReactNativeSpec (from `../node_modules/react-native/React/FBReactNativeSpec`)
  - Flipper (= 0.125.0)
  - Flipper-Boost-iOSX (= 1.76.0.1.11)
  - Flipper-DoubleConversion (= 3.2.0.1)
  - Flipper-Fmt (= 7.1.7)
  - Flipper-Folly (= 2.6.10)
  - Flipper-Glog (= 0.5.0.5)
  - Flipper-PeerTalk (= 0.0.4)
  - Flipper-RSocket (= 1.4.3)
  - FlipperKit (= 0.125.0)
  - FlipperKit/Core (= 0.125.0)
  - FlipperKit/CppBridge (= 0.125.0)
  - FlipperKit/FBCxxFollyDynamicConvert (= 0.125.0)
  - FlipperKit/FBDefines (= 0.125.0)
  - FlipperKit/FKPortForwarding (= 0.125.0)
  - FlipperKit/FlipperKitHighlightOverlay (= 0.125.0)
  - FlipperKit/FlipperKitLayoutPlugin (= 0.125.0)
  - FlipperKit/FlipperKitLayoutTextSearchable (= 0.125.0)
  - FlipperKit/FlipperKitNetworkPlugin (= 0.125.0)
  - FlipperKit/FlipperKitReactPlugin (= 0.125.0)
  - FlipperKit/FlipperKitUserDefaultsPlugin (= 0.125.0)
  - FlipperKit/SKIOSNetworkPlugin (= 0.125.0)
  - glog (from `../node_modules/react-native/third-party-podspecs/glog.podspec`)
  - hermes-engine (from `../node_modules/react-native/sdks/hermes-engine/hermes-engine.podspec`)
  - libevent (~> 2.1.12)
  - OpenSSL-Universal (= 1.1.1100)
  - RCT-Folly (from `../node_modules/react-native/third-party-podspecs/RCT-Folly.podspec`)
  - RCTRequired (from `../node_modules/react-native/Libraries/RCTRequired`)
  - RCTTypeSafety (from `../node_modules/react-native/Libraries/TypeSafety`)
  - React (from `../node_modules/react-native/`)
  - React-callinvoker (from `../node_modules/react-native/ReactCommon/callinvoker`)
  - React-Codegen (from `build/generated/ios`)
  - React-Core (from `../node_modules/react-native/`)
  - React-Core/DevSupport (from `../node_modules/react-native/`)
  - React-Core/RCTWebSocket (from `../node_modules/react-native/`)
  - React-CoreModules (from `../node_modules/react-native/React/CoreModules`)
  - React-cxxreact (from `../node_modules/react-native/ReactCommon/cxxreact`)
  - React-hermes (from `../node_modules/react-native/ReactCommon/hermes`)
  - React-jsi (from `../node_modules/react-native/ReactCommon/jsi`)
  - React-jsiexecutor (from `../node_modules/react-native/ReactCommon/jsiexecutor`)
  - React-jsinspector (from `../node_modules/react-native/ReactCommon/jsinspector`)
  - React-logger (from `../node_modules/react-native/ReactCommon/logger`)
  - "react-native-cameraroll (from `../node_modules/@react-native-camera-roll/camera-roll`)"
  - react-native-geocoder (from `../node_modules/react-native-geocoder`)
  - react-native-geolocation-service (from `../node_modules/react-native-geolocation-service`)
  - react-native-image-marker (from `../node_modules/react-native-image-marker`)
  - react-native-image-resizer (from `../node_modules/react-native-image-resizer`)
  - react-native-inat-camera (from `../node_modules/react-native-inat-camera`)
  - react-native-mail (from `../node_modules/react-native-mail`)
  - react-native-maps (from `../node_modules/react-native-maps`)
  - "react-native-netinfo (from `../node_modules/@react-native-community/netinfo`)"
  - react-native-orientation-locker (from `../node_modules/react-native-orientation-locker`)
  - react-native-pager-view (from `../node_modules/react-native-pager-view`)
  - react-native-render-html (from `../node_modules/react-native-render-html`)
  - react-native-restart (from `../node_modules/react-native-restart`)
  - react-native-safe-area-context (from `../node_modules/react-native-safe-area-context`)
  - react-native-uuid-generator (from `../node_modules/react-native-uuid-generator`)
  - react-native-webview (from `../node_modules/react-native-webview`)
  - React-perflogger (from `../node_modules/react-native/ReactCommon/reactperflogger`)
  - React-RCTActionSheet (from `../node_modules/react-native/Libraries/ActionSheetIOS`)
  - React-RCTAnimation (from `../node_modules/react-native/Libraries/NativeAnimation`)
  - React-RCTAppDelegate (from `../node_modules/react-native/Libraries/AppDelegate`)
  - React-RCTBlob (from `../node_modules/react-native/Libraries/Blob`)
  - React-RCTImage (from `../node_modules/react-native/Libraries/Image`)
  - React-RCTLinking (from `../node_modules/react-native/Libraries/LinkingIOS`)
  - React-RCTNetwork (from `../node_modules/react-native/Libraries/Network`)
  - React-RCTSettings (from `../node_modules/react-native/Libraries/Settings`)
  - React-RCTText (from `../node_modules/react-native/Libraries/Text`)
  - React-RCTVibration (from `../node_modules/react-native/Libraries/Vibration`)
  - React-runtimeexecutor (from `../node_modules/react-native/ReactCommon/runtimeexecutor`)
  - ReactCommon/turbomodule/core (from `../node_modules/react-native/ReactCommon`)
  - ReactNativeExceptionHandler (from `../node_modules/react-native-exception-handler`)
  - ReactNativeWebPFormat (from `../node_modules/react-native-webp-format`)
  - RealmJS (from `../node_modules/realm`)
  - "RNCAsyncStorage (from `../node_modules/@react-native-async-storage/async-storage`)"
  - "RNCClipboard (from `../node_modules/@react-native-community/clipboard`)"
  - "RNCMaskedView (from `../node_modules/@react-native-masked-view/masked-view`)"
  - "RNCPicker (from `../node_modules/@react-native-picker/picker`)"
  - "RNDateTimePicker (from `../node_modules/@react-native-community/datetimepicker`)"
  - RNDeviceInfo (from `../node_modules/react-native-device-info`)
  - "RNFlashList (from `../node_modules/@shopify/flash-list`)"
  - RNFS (from `../node_modules/react-native-fs`)
  - RNGestureHandler (from `../node_modules/react-native-gesture-handler`)
  - RNLocalize (from `../node_modules/react-native-localize`)
  - RNQuickAction (from `../node_modules/react-native-quick-actions`)
  - RNReanimated (from `../node_modules/react-native-reanimated`)
  - RNScreens (from `../node_modules/react-native-screens`)
  - RNShare (from `../node_modules/react-native-share`)
  - RNStoreReview (from `../node_modules/react-native-store-review`)
  - RNSVG (from `../node_modules/react-native-svg`)
  - VisionCamera (from `../node_modules/react-native-vision-camera`)
  - VisionCameraPluginInatVision (from `../node_modules/vision-camera-plugin-inatvision`)
  - Yoga (from `../node_modules/react-native/ReactCommon/yoga`)

SPEC REPOS:
  trunk:
    - CocoaAsyncSocket
    - Flipper
    - Flipper-Boost-iOSX
    - Flipper-DoubleConversion
    - Flipper-Fmt
    - Flipper-Folly
    - Flipper-Glog
    - Flipper-PeerTalk
    - Flipper-RSocket
    - FlipperKit
    - fmt
    - libevent
    - libwebp
    - OpenSSL-Universal
    - SDWebImage
    - SDWebImageWebPCoder
    - SocketRocket
    - YogaKit

EXTERNAL SOURCES:
  boost:
    :podspec: "../node_modules/react-native/third-party-podspecs/boost.podspec"
  BVLinearGradient:
    :path: "../node_modules/react-native-linear-gradient"
  DoubleConversion:
    :podspec: "../node_modules/react-native/third-party-podspecs/DoubleConversion.podspec"
  FBLazyVector:
    :path: "../node_modules/react-native/Libraries/FBLazyVector"
  FBReactNativeSpec:
    :path: "../node_modules/react-native/React/FBReactNativeSpec"
  glog:
    :podspec: "../node_modules/react-native/third-party-podspecs/glog.podspec"
  hermes-engine:
    :podspec: "../node_modules/react-native/sdks/hermes-engine/hermes-engine.podspec"
  RCT-Folly:
    :podspec: "../node_modules/react-native/third-party-podspecs/RCT-Folly.podspec"
  RCTRequired:
    :path: "../node_modules/react-native/Libraries/RCTRequired"
  RCTTypeSafety:
    :path: "../node_modules/react-native/Libraries/TypeSafety"
  React:
    :path: "../node_modules/react-native/"
  React-callinvoker:
    :path: "../node_modules/react-native/ReactCommon/callinvoker"
  React-Codegen:
    :path: build/generated/ios
  React-Core:
    :path: "../node_modules/react-native/"
  React-CoreModules:
    :path: "../node_modules/react-native/React/CoreModules"
  React-cxxreact:
    :path: "../node_modules/react-native/ReactCommon/cxxreact"
  React-hermes:
    :path: "../node_modules/react-native/ReactCommon/hermes"
  React-jsi:
    :path: "../node_modules/react-native/ReactCommon/jsi"
  React-jsiexecutor:
    :path: "../node_modules/react-native/ReactCommon/jsiexecutor"
  React-jsinspector:
    :path: "../node_modules/react-native/ReactCommon/jsinspector"
  React-logger:
    :path: "../node_modules/react-native/ReactCommon/logger"
  react-native-cameraroll:
    :path: "../node_modules/@react-native-camera-roll/camera-roll"
  react-native-geocoder:
    :path: "../node_modules/react-native-geocoder"
  react-native-geolocation-service:
    :path: "../node_modules/react-native-geolocation-service"
  react-native-image-marker:
    :path: "../node_modules/react-native-image-marker"
  react-native-image-resizer:
    :path: "../node_modules/react-native-image-resizer"
  react-native-inat-camera:
    :path: "../node_modules/react-native-inat-camera"
  react-native-mail:
    :path: "../node_modules/react-native-mail"
  react-native-maps:
    :path: "../node_modules/react-native-maps"
  react-native-netinfo:
    :path: "../node_modules/@react-native-community/netinfo"
  react-native-orientation-locker:
    :path: "../node_modules/react-native-orientation-locker"
  react-native-pager-view:
    :path: "../node_modules/react-native-pager-view"
  react-native-render-html:
    :path: "../node_modules/react-native-render-html"
  react-native-restart:
    :path: "../node_modules/react-native-restart"
  react-native-safe-area-context:
    :path: "../node_modules/react-native-safe-area-context"
  react-native-uuid-generator:
    :path: "../node_modules/react-native-uuid-generator"
  react-native-webview:
    :path: "../node_modules/react-native-webview"
  React-perflogger:
    :path: "../node_modules/react-native/ReactCommon/reactperflogger"
  React-RCTActionSheet:
    :path: "../node_modules/react-native/Libraries/ActionSheetIOS"
  React-RCTAnimation:
    :path: "../node_modules/react-native/Libraries/NativeAnimation"
  React-RCTAppDelegate:
    :path: "../node_modules/react-native/Libraries/AppDelegate"
  React-RCTBlob:
    :path: "../node_modules/react-native/Libraries/Blob"
  React-RCTImage:
    :path: "../node_modules/react-native/Libraries/Image"
  React-RCTLinking:
    :path: "../node_modules/react-native/Libraries/LinkingIOS"
  React-RCTNetwork:
    :path: "../node_modules/react-native/Libraries/Network"
  React-RCTSettings:
    :path: "../node_modules/react-native/Libraries/Settings"
  React-RCTText:
    :path: "../node_modules/react-native/Libraries/Text"
  React-RCTVibration:
    :path: "../node_modules/react-native/Libraries/Vibration"
  React-runtimeexecutor:
    :path: "../node_modules/react-native/ReactCommon/runtimeexecutor"
  ReactCommon:
    :path: "../node_modules/react-native/ReactCommon"
  ReactNativeExceptionHandler:
    :path: "../node_modules/react-native-exception-handler"
  ReactNativeWebPFormat:
    :path: "../node_modules/react-native-webp-format"
  RealmJS:
    :path: "../node_modules/realm"
  RNCAsyncStorage:
    :path: "../node_modules/@react-native-async-storage/async-storage"
  RNCClipboard:
    :path: "../node_modules/@react-native-community/clipboard"
  RNCMaskedView:
    :path: "../node_modules/@react-native-masked-view/masked-view"
  RNCPicker:
    :path: "../node_modules/@react-native-picker/picker"
  RNDateTimePicker:
    :path: "../node_modules/@react-native-community/datetimepicker"
  RNDeviceInfo:
    :path: "../node_modules/react-native-device-info"
  RNFlashList:
    :path: "../node_modules/@shopify/flash-list"
  RNFS:
    :path: "../node_modules/react-native-fs"
  RNGestureHandler:
    :path: "../node_modules/react-native-gesture-handler"
  RNLocalize:
    :path: "../node_modules/react-native-localize"
  RNQuickAction:
    :path: "../node_modules/react-native-quick-actions"
  RNReanimated:
    :path: "../node_modules/react-native-reanimated"
  RNScreens:
    :path: "../node_modules/react-native-screens"
  RNShare:
    :path: "../node_modules/react-native-share"
  RNStoreReview:
    :path: "../node_modules/react-native-store-review"
  RNSVG:
    :path: "../node_modules/react-native-svg"
  VisionCamera:
    :path: "../node_modules/react-native-vision-camera"
  VisionCameraPluginInatVision:
    :path: "../node_modules/vision-camera-plugin-inatvision"
  Yoga:
    :path: "../node_modules/react-native/ReactCommon/yoga"

SPEC CHECKSUMS:
  boost: 7dcd2de282d72e344012f7d6564d024930a6a440
  BVLinearGradient: 880f91a7854faff2df62518f0281afb1c60d49a3
  CocoaAsyncSocket: 065fd1e645c7abab64f7a6a2007a48038fdc6a99
  DoubleConversion: 5189b271737e1565bdce30deb4a08d647e3f5f54
  FBLazyVector: d06bbe89e3a89ee90c4deab1c84bf306ffa5ed37
  FBReactNativeSpec: d5d9871fe5c4b61787a3aed4f9e5529908e22069
  Flipper: 26fc4b7382499f1281eb8cb921e5c3ad6de91fe0
  Flipper-Boost-iOSX: fd1e2b8cbef7e662a122412d7ac5f5bea715403c
  Flipper-DoubleConversion: 2dc99b02f658daf147069aad9dbd29d8feb06d30
  Flipper-Fmt: 60cbdd92fc254826e61d669a5d87ef7015396a9b
  Flipper-Folly: 584845625005ff068a6ebf41f857f468decd26b3
  Flipper-Glog: 70c50ce58ddaf67dc35180db05f191692570f446
  Flipper-PeerTalk: 116d8f857dc6ef55c7a5a75ea3ceaafe878aadc9
  Flipper-RSocket: d9d9ade67cbecf6ac10730304bf5607266dd2541
  FlipperKit: cbdee19bdd4e7f05472a66ce290f1b729ba3cb86
  fmt: ff9d55029c625d3757ed641535fd4a75fedc7ce9
  glog: 04b94705f318337d7ead9e6d17c019bd9b1f6b1b
  hermes-engine: 04437e4291ede4af0c76c25e7efd0eacb8fd25e5
  libevent: 4049cae6c81cdb3654a443be001fb9bdceff7913
  libwebp: 60305b2e989864154bd9be3d772730f08fc6a59c
  OpenSSL-Universal: ebc357f1e6bc71fa463ccb2fe676756aff50e88c
  RCT-Folly: 424b8c9a7a0b9ab2886ffe9c3b041ef628fd4fb1
  RCTRequired: 4ce9da4fa2f8a134f62c70e4ab9d971b9d640f41
  RCTTypeSafety: decfec2884f0c523f799600d2b6105cdc15e13db
  React: ca22a0b3f199b6acac95416ef7eb96cc84a55103
  React-callinvoker: 366d4449bc2901e89da3f30c6d203c491d060350
  React-Codegen: f85e26699043bc9015552c21bbf0da24d9e8c6ad
  React-Core: 169395096d2c22872e22cd74e3694a4b041cce76
  React-CoreModules: 8c2a970d9fd778e6016b9297f2c2dddbe78b04ec
  React-cxxreact: e61b3e92887bb8fc241326b83d667953ff732923
  React-hermes: 476b93736605b457d1bc390336656c94460205b7
  React-jsi: 9fe8766963aa3aea90bbd477ea63255eb847d404
  React-jsiexecutor: e0cde8d57cee18097b3d2b1bf6404ad25dd8d33b
  React-jsinspector: 4ade58a6a355d97a53f847543b14f4cb5033cb70
  React-logger: 56699550750c013096a11dce3bc996e7dd583835
  react-native-cameraroll: fad943a324a4d893c249cabe6d0608c807e0e58f
  react-native-geocoder: b9e3513006fbbfda0bf0ef9793317a8d4c861406
  react-native-geolocation-service: 608e1da71a1ac31b4de64d9ef2815f697978c55b
  react-native-image-marker: 8af6eac535be766aee2ab3e86063cae7c9fea833
  react-native-image-resizer: d9fb629a867335bdc13230ac2a58702bb8c8828f
  react-native-inat-camera: 89c20ce89c726e9a3cc5f84c6dc8f01ddc1cdcb8
  react-native-mail: 8fdcd3aef007c33a6877a18eb4cf7447a1d4ce4a
  react-native-maps: 667f9b975549c6fa9b1631bf859440f68ebd3b8f
  react-native-netinfo: fefd4e98d75cbdd6e85fc530f7111a8afdf2b0c5
  react-native-orientation-locker: 851f6510d8046ea2f14aa169b1e01fcd309a94ba
  react-native-pager-view: d211379f61895b6349bd7e571b44a26d005c2975
  react-native-render-html: 012780b92993ab33b3ae0240b90e585d00c70808
  react-native-restart: 7595693413fe3ca15893702f2c8306c62a708162
  react-native-safe-area-context: 7aa8e6d9d0f3100a820efb1a98af68aa747f9284
  react-native-uuid-generator: 82ffa2a1cac94242ebed52c4dedc5044d3412717
  react-native-webview: 9f111dfbcfc826084d6c507f569e5e03342ee1c1
  React-perflogger: 0cc42978a483a47f3696171dac2e7033936fc82d
  React-RCTActionSheet: ea922b476d24f6d40b8e02ac3228412bd3637468
  React-RCTAnimation: 7be2c148398eaa5beac950b2b5ec7102389ec3ad
  React-RCTAppDelegate: c7bf369749348d9358035c2dcebd9aa4f3f55031
  React-RCTBlob: c1e1e53b334f36b3311c3206036c99f4e5406cdf
  React-RCTImage: 4a2cd71dd8c1954cfab50e244b269d47bdcc76da
  React-RCTLinking: c8ff9fe7f5741afc05894c7da4a0d2bd1458f247
  React-RCTNetwork: 93c329744baa8c04057a5a29b790618e0c2a6a68
  React-RCTSettings: bcd09cd3ee26967bdfbc8af174404b8ffabfbc3c
  React-RCTText: c525eb78cfe9489f130fa69004ff081a5ae33e06
  React-RCTVibration: a97783e3645ddf852e34da2e015656e309f3a083
  React-runtimeexecutor: 8f2ddd9db7874ec7de84f5c55d73aeaaf82908e2
  ReactCommon: 309d965cb51f058d07dea65bc04dcf462911f0a4
  ReactNativeExceptionHandler: b11ff67c78802b2f62eed0e10e75cb1ef7947c60
  ReactNativeWebPFormat: f5f043cc9ded052e535c3869ec341f91ba5a67c5
  RealmJS: 07d8eb900517a4faddb04d7a0062e67bf8daa066
  RNCAsyncStorage: c913ede1fa163a71cea118ed4670bbaaa4b511bb
  RNCClipboard: 41d8d918092ae8e676f18adada19104fa3e68495
  RNCMaskedView: 949696f25ec596bfc697fc88e6f95cf0c79669b6
  RNCPicker: 32ca102146bc7d34a8b93a998d9938d9f9ec7898
  RNDateTimePicker: ccd988deb223cbb2e669e157ec576c2c6217128c
  RNDeviceInfo: 02ea8b23e2280fa18e00a06d7e62804d74028579
  RNFlashList: 236646d48f224a034f35baa0242e1b77db063b1e
  RNFS: 4ac0f0ea233904cb798630b3c077808c06931688
  RNGestureHandler: 6e4dc6b7ab3a385386d4e36228bd065e5a611394
  RNLocalize: dbea38dcb344bf80ff18a1757b1becf11f70cae4
  RNQuickAction: 6d404a869dc872cde841ad3147416a670d13fa93
  RNReanimated: f186e85d9f28c9383d05ca39e11dd194f59093ec
  RNScreens: 218801c16a2782546d30bd2026bb625c0302d70f
  RNShare: 32e97adc8d8c97d4a26bcdd3c45516882184f8b6
  RNStoreReview: 923b1c888c13469925bf0256dc2c046eab557ce5
  RNSVG: 53c661b76829783cdaf9b7a57258f3d3b4c28315
  SDWebImage: e5cc87bf736e60f49592f307bdf9e157189298a3
  SDWebImageWebPCoder: 18503de6621dd2c420d680e33d46bf8e1d5169b0
  SocketRocket: fccef3f9c5cedea1353a9ef6ada904fde10d6608
  VisionCamera: f41b08470c9ae0a01be0d5e48f9fdd61602aa51f
  VisionCameraPluginInatVision: 79bb258db75218889c74d0897ecba676492c4def
  Yoga: 68c9c592c3e80ec37ff28db20eedb13d84aae5df
  YogaKit: f782866e155069a2cca2517aafea43200b01fd5a

PODFILE CHECKSUM: 58e8d3aa699d6b32fb4c1e764273a8b0beb6c57e

COCOAPODS: 1.12.1
