// !$*UTF8*$!
{
	archiveVersion = 1;
	classes = {
	};
	objectVersion = 46;
	objects = {

/* Begin PBXBuildFile section */
		13B07FBC1A68108700A75B9A /* AppDelegate.m in Sources */ = {isa = PBXBuildFile; fileRef = 13B07FB01A68108700A75B9A /* AppDelegate.m */; };
		13B07FBF1A68108700A75B9A /* Images.xcassets in Resources */ = {isa = PBXBuildFile; fileRef = 13B07FB51A68108700A75B9A /* Images.xcassets */; };
		13B07FC11A68108700A75B9A /* main.m in Sources */ = {isa = PBXBuildFile; fileRef = 13B07FB71A68108700A75B9A /* main.m */; };
		3750FC0326CC35EF00C6F1DA /* Launch Screen.storyboard in Resources */ = {isa = PBXBuildFile; fileRef = 3750FC0226CC35EF00C6F1DA /* Launch Screen.storyboard */; };
		37593D8926827206005C2CA7 /* Whitney-SemiboldItalic-Pro.otf in Resources */ = {isa = PBXBuildFile; fileRef = 37593D8826827206005C2CA7 /* Whitney-SemiboldItalic-Pro.otf */; };
		378785D7244E5B7C00D4509C /* File.swift in Sources */ = {isa = PBXBuildFile; fileRef = 378785D6244E5B7C00D4509C /* File.swift */; };
		379EB0DE25101F630059D835 /* taxonomy.json in Resources */ = {isa = PBXBuildFile; fileRef = 379EB0DD25101F630059D835 /* taxonomy.json */; };
		379EB0E025101F6A0059D835 /* optimized_model.mlmodel in Sources */ = {isa = PBXBuildFile; fileRef = 379EB0DF25101F6A0059D835 /* optimized_model.mlmodel */; };
		37D71CD4233BE712003423F8 /* CloudKit.framework in Frameworks */ = {isa = PBXBuildFile; fileRef = 37D71CD3233BE712003423F8 /* CloudKit.framework */; };
		37ED91EF22A05D6B00BF47F4 /* JavaScriptCore.framework in Frameworks */ = {isa = PBXBuildFile; fileRef = 37ED91AD22A05D6B00BF47F4 /* JavaScriptCore.framework */; };
		4370DA2F52B544B192BCC02B /* Whitney-Medium-Pro.otf in Resources */ = {isa = PBXBuildFile; fileRef = 684CC0AC08D94E7280C030CF /* Whitney-Medium-Pro.otf */; };
		52DAB02FDAF4E41C1A69670A /* libPods-Seek.a in Frameworks */ = {isa = PBXBuildFile; fileRef = 6DDF2A87EF154B417EDF3293 /* libPods-Seek.a */; };
		9AC64861B6B14E9B9D1EEDD9 /* Whitney-Semibold-Pro.otf in Resources */ = {isa = PBXBuildFile; fileRef = 15FDDD02CC4441A8989F73FA /* Whitney-Semibold-Pro.otf */; };
		AD60F69F0DDC4620A56B7ED5 /* Whitney-Book-Pro.otf in Resources */ = {isa = PBXBuildFile; fileRef = 64F4396A383A4CE5AFC7F594 /* Whitney-Book-Pro.otf */; };
		CB48647667734138B2A82CE7 /* Whitney-BookItalic-Pro.otf in Resources */ = {isa = PBXBuildFile; fileRef = E5D720CBEB824CA1925D443A /* Whitney-BookItalic-Pro.otf */; };
		FDF5B89C59BD4E16B8381B96 /* Whitney-Light-Pro.otf in Resources */ = {isa = PBXBuildFile; fileRef = FAE6ABEBDBF647C19D92F65B /* Whitney-Light-Pro.otf */; };
/* End PBXBuildFile section */

/* Begin PBXContainerItemProxy section */
		374193122177DC86007414A3 /* PBXContainerItemProxy */ = {
			isa = PBXContainerItemProxy;
			containerPortal = A137AD88526A4B3F959EFA73 /* RNGL.xcodeproj */;
			proxyType = 2;
			remoteGlobalIDString = 4107012F1ACB723B00C6AA39;
			remoteInfo = RNGL;
		};
/* End PBXContainerItemProxy section */

/* Begin PBXCopyFilesBuildPhase section */
		370DC8E5216FC4C9000A29BA /* Embed Frameworks */ = {
			isa = PBXCopyFilesBuildPhase;
			buildActionMask = 2147483647;
			dstPath = "";
			dstSubfolderSpec = 10;
			files = (
			);
			name = "Embed Frameworks";
			runOnlyForDeploymentPostprocessing = 0;
		};
/* End PBXCopyFilesBuildPhase section */

/* Begin PBXFileReference section */
		0E2161BD1777112D40847F56 /* Pods-Seek.release.xcconfig */ = {isa = PBXFileReference; includeInIndex = 1; lastKnownFileType = text.xcconfig; name = "Pods-Seek.release.xcconfig"; path = "Target Support Files/Pods-Seek/Pods-Seek.release.xcconfig"; sourceTree = "<group>"; };
		13B07F961A680F5B00A75B9A /* Seek.app */ = {isa = PBXFileReference; explicitFileType = wrapper.application; includeInIndex = 0; path = Seek.app; sourceTree = BUILT_PRODUCTS_DIR; };
		13B07FAF1A68108700A75B9A /* AppDelegate.h */ = {isa = PBXFileReference; fileEncoding = 4; lastKnownFileType = sourcecode.c.h; name = AppDelegate.h; path = Seek/AppDelegate.h; sourceTree = "<group>"; };
		13B07FB01A68108700A75B9A /* AppDelegate.m */ = {isa = PBXFileReference; fileEncoding = 4; lastKnownFileType = sourcecode.c.objc; name = AppDelegate.m; path = Seek/AppDelegate.m; sourceTree = "<group>"; };
		13B07FB51A68108700A75B9A /* Images.xcassets */ = {isa = PBXFileReference; lastKnownFileType = folder.assetcatalog; name = Images.xcassets; path = Seek/Images.xcassets; sourceTree = "<group>"; };
		13B07FB61A68108700A75B9A /* Info.plist */ = {isa = PBXFileReference; fileEncoding = 4; lastKnownFileType = text.plist.xml; name = Info.plist; path = Seek/Info.plist; sourceTree = "<group>"; };
		13B07FB71A68108700A75B9A /* main.m */ = {isa = PBXFileReference; fileEncoding = 4; lastKnownFileType = sourcecode.c.objc; name = main.m; path = Seek/main.m; sourceTree = "<group>"; };
		15D53123BCFE4D5992B467B6 /* libRNWebGL.a */ = {isa = PBXFileReference; explicitFileType = undefined; fileEncoding = 9; includeInIndex = 0; lastKnownFileType = archive.ar; path = libRNWebGL.a; sourceTree = "<group>"; };
		15FDDD02CC4441A8989F73FA /* Whitney-Semibold-Pro.otf */ = {isa = PBXFileReference; explicitFileType = undefined; fileEncoding = 9; includeInIndex = 0; lastKnownFileType = unknown; name = "Whitney-Semibold-Pro.otf"; path = "../assets/fonts/Whitney-Semibold-Pro.otf"; sourceTree = "<group>"; };
		30CA28AFC0A1387CDB9AC26A /* Pods-Seek.debug.xcconfig */ = {isa = PBXFileReference; includeInIndex = 1; lastKnownFileType = text.xcconfig; name = "Pods-Seek.debug.xcconfig"; path = "Target Support Files/Pods-Seek/Pods-Seek.debug.xcconfig"; sourceTree = "<group>"; };
		3750FC0226CC35EF00C6F1DA /* Launch Screen.storyboard */ = {isa = PBXFileReference; lastKnownFileType = file.storyboard; path = "Launch Screen.storyboard"; sourceTree = "<group>"; };
		37593D8826827206005C2CA7 /* Whitney-SemiboldItalic-Pro.otf */ = {isa = PBXFileReference; lastKnownFileType = file; name = "Whitney-SemiboldItalic-Pro.otf"; path = "../assets/fonts/Whitney-SemiboldItalic-Pro.otf"; sourceTree = "<group>"; };
		375C595B24491334000C16B5 /* Seek-Bridging-Header.h */ = {isa = PBXFileReference; lastKnownFileType = sourcecode.c.h; path = "Seek-Bridging-Header.h"; sourceTree = "<group>"; };
		378785D6244E5B7C00D4509C /* File.swift */ = {isa = PBXFileReference; lastKnownFileType = sourcecode.swift; path = File.swift; sourceTree = "<group>"; };
		379A071821C4328C00F176E3 /* Seek.entitlements */ = {isa = PBXFileReference; lastKnownFileType = text.plist.entitlements; name = Seek.entitlements; path = Seek/Seek.entitlements; sourceTree = "<group>"; };
		379EB0DD25101F630059D835 /* taxonomy.json */ = {isa = PBXFileReference; fileEncoding = 4; lastKnownFileType = text.json; path = taxonomy.json; sourceTree = "<group>"; };
		379EB0DF25101F6A0059D835 /* optimized_model.mlmodel */ = {isa = PBXFileReference; lastKnownFileType = file.mlmodel; path = optimized_model.mlmodel; sourceTree = "<group>"; };
		37D71CD3233BE712003423F8 /* CloudKit.framework */ = {isa = PBXFileReference; lastKnownFileType = wrapper.framework; name = CloudKit.framework; path = System/Library/Frameworks/CloudKit.framework; sourceTree = SDKROOT; };
		37ED91AD22A05D6B00BF47F4 /* JavaScriptCore.framework */ = {isa = PBXFileReference; lastKnownFileType = wrapper.framework; name = JavaScriptCore.framework; path = System/Library/Frameworks/JavaScriptCore.framework; sourceTree = SDKROOT; };
		3DB4EE7510E647C1ACA3B930 /* libAirMaps.a */ = {isa = PBXFileReference; explicitFileType = undefined; fileEncoding = 9; includeInIndex = 0; lastKnownFileType = archive.ar; path = libAirMaps.a; sourceTree = "<group>"; };
		64F4396A383A4CE5AFC7F594 /* Whitney-Book-Pro.otf */ = {isa = PBXFileReference; explicitFileType = undefined; fileEncoding = 9; includeInIndex = 0; lastKnownFileType = unknown; name = "Whitney-Book-Pro.otf"; path = "../assets/fonts/Whitney-Book-Pro.otf"; sourceTree = "<group>"; };
		684CC0AC08D94E7280C030CF /* Whitney-Medium-Pro.otf */ = {isa = PBXFileReference; explicitFileType = undefined; fileEncoding = 9; includeInIndex = 0; lastKnownFileType = unknown; name = "Whitney-Medium-Pro.otf"; path = "../assets/fonts/Whitney-Medium-Pro.otf"; sourceTree = "<group>"; };
		6DDF2A87EF154B417EDF3293 /* libPods-Seek.a */ = {isa = PBXFileReference; explicitFileType = archive.ar; includeInIndex = 0; path = "libPods-Seek.a"; sourceTree = BUILT_PRODUCTS_DIR; };
		8B2C8A94B0E2403CA2681E78 /* libRNCNetInfo.a */ = {isa = PBXFileReference; explicitFileType = undefined; fileEncoding = 9; includeInIndex = 0; lastKnownFileType = archive.ar; path = libRNCNetInfo.a; sourceTree = "<group>"; };
		8C5D7E526C224A39878D5385 /* libRNCAsyncStorage.a */ = {isa = PBXFileReference; explicitFileType = undefined; fileEncoding = 9; includeInIndex = 0; lastKnownFileType = archive.ar; path = libRNCAsyncStorage.a; sourceTree = "<group>"; };
		9212388F3CCB4F7BAE13DCC7 /* libRNCGeolocation.a */ = {isa = PBXFileReference; explicitFileType = undefined; fileEncoding = 9; includeInIndex = 0; lastKnownFileType = archive.ar; path = libRNCGeolocation.a; sourceTree = "<group>"; };
		A137AD88526A4B3F959EFA73 /* RNGL.xcodeproj */ = {isa = PBXFileReference; explicitFileType = undefined; fileEncoding = 9; includeInIndex = 0; lastKnownFileType = "wrapper.pb-project"; name = RNGL.xcodeproj; path = "../node_modules/gl-react-native/ios/RNGL.xcodeproj"; sourceTree = "<group>"; };
		A3D8FEFD0BF24BCCB6D91C75 /* libRNFetchBlob.a */ = {isa = PBXFileReference; explicitFileType = undefined; fileEncoding = 9; includeInIndex = 0; lastKnownFileType = archive.ar; path = libRNFetchBlob.a; sourceTree = "<group>"; };
		D1E957E622264476A8A27E50 /* libRNCCameraRoll.a */ = {isa = PBXFileReference; explicitFileType = undefined; fileEncoding = 9; includeInIndex = 0; lastKnownFileType = archive.ar; path = libRNCCameraRoll.a; sourceTree = "<group>"; };
		E5D720CBEB824CA1925D443A /* Whitney-BookItalic-Pro.otf */ = {isa = PBXFileReference; explicitFileType = undefined; fileEncoding = 9; includeInIndex = 0; lastKnownFileType = unknown; name = "Whitney-BookItalic-Pro.otf"; path = "../assets/fonts/Whitney-BookItalic-Pro.otf"; sourceTree = "<group>"; };
		FAE6ABEBDBF647C19D92F65B /* Whitney-Light-Pro.otf */ = {isa = PBXFileReference; explicitFileType = undefined; fileEncoding = 9; includeInIndex = 0; lastKnownFileType = unknown; name = "Whitney-Light-Pro.otf"; path = "../assets/fonts/Whitney-Light-Pro.otf"; sourceTree = "<group>"; };
/* End PBXFileReference section */

/* Begin PBXFrameworksBuildPhase section */
		13B07F8C1A680F5B00A75B9A /* Frameworks */ = {
			isa = PBXFrameworksBuildPhase;
			buildActionMask = 2147483647;
			files = (
				37D71CD4233BE712003423F8 /* CloudKit.framework in Frameworks */,
				37ED91EF22A05D6B00BF47F4 /* JavaScriptCore.framework in Frameworks */,
				52DAB02FDAF4E41C1A69670A /* libPods-Seek.a in Frameworks */,
			);
			runOnlyForDeploymentPostprocessing = 0;
		};
/* End PBXFrameworksBuildPhase section */

/* Begin PBXGroup section */
		13B07FAE1A68108700A75B9A /* Seek */ = {
			isa = PBXGroup;
			children = (
				37DFB70121FFA4BE007B4E22 /* Base.lproj */,
				379A071821C4328C00F176E3 /* Seek.entitlements */,
				13B07FAF1A68108700A75B9A /* AppDelegate.h */,
				13B07FB01A68108700A75B9A /* AppDelegate.m */,
				13B07FB51A68108700A75B9A /* Images.xcassets */,
				13B07FB61A68108700A75B9A /* Info.plist */,
				13B07FB71A68108700A75B9A /* main.m */,
				375C595B24491334000C16B5 /* Seek-Bridging-Header.h */,
				378785D6244E5B7C00D4509C /* File.swift */,
			);
			name = Seek;
			sourceTree = "<group>";
		};
		2D16E6871FA4F8E400B85C8A /* Frameworks */ = {
			isa = PBXGroup;
			children = (
				37D71CD3233BE712003423F8 /* CloudKit.framework */,
				37ED91AD22A05D6B00BF47F4 /* JavaScriptCore.framework */,
				6DDF2A87EF154B417EDF3293 /* libPods-Seek.a */,
			);
			name = Frameworks;
			sourceTree = "<group>";
		};
		370DC8B0216FC36D000A29BA /* Recovered References */ = {
			isa = PBXGroup;
			children = (
				15D53123BCFE4D5992B467B6 /* libRNWebGL.a */,
				3DB4EE7510E647C1ACA3B930 /* libAirMaps.a */,
				A3D8FEFD0BF24BCCB6D91C75 /* libRNFetchBlob.a */,
				8B2C8A94B0E2403CA2681E78 /* libRNCNetInfo.a */,
				D1E957E622264476A8A27E50 /* libRNCCameraRoll.a */,
				8C5D7E526C224A39878D5385 /* libRNCAsyncStorage.a */,
				9212388F3CCB4F7BAE13DCC7 /* libRNCGeolocation.a */,
			);
			name = "Recovered References";
			sourceTree = "<group>";
		};
		3741930F2177DC86007414A3 /* Products */ = {
			isa = PBXGroup;
			children = (
				374193132177DC86007414A3 /* libRNGL.a */,
			);
			name = Products;
			sourceTree = "<group>";
		};
		37DFB70121FFA4BE007B4E22 /* Base.lproj */ = {
			isa = PBXGroup;
			children = (
			);
			name = Base.lproj;
			path = Seek/Base.lproj;
			sourceTree = "<group>";
		};
		484772E5A9A576A6A2B57980 /* Pods */ = {
			isa = PBXGroup;
			children = (
				30CA28AFC0A1387CDB9AC26A /* Pods-Seek.debug.xcconfig */,
				0E2161BD1777112D40847F56 /* Pods-Seek.release.xcconfig */,
			);
			path = Pods;
			sourceTree = "<group>";
		};
		832341AE1AAA6A7D00B99B32 /* Libraries */ = {
			isa = PBXGroup;
			children = (
			);
			name = Libraries;
			sourceTree = "<group>";
		};
		83CBB9F61A601CBA00E9B192 = {
			isa = PBXGroup;
			children = (
				3750FC0226CC35EF00C6F1DA /* Launch Screen.storyboard */,
				13B07FAE1A68108700A75B9A /* Seek */,
				832341AE1AAA6A7D00B99B32 /* Libraries */,
				83CBBA001A601CBA00E9B192 /* Products */,
				2D16E6871FA4F8E400B85C8A /* Frameworks */,
				AE2D56F50A4845E09545597E /* Resources */,
				370DC8B0216FC36D000A29BA /* Recovered References */,
				484772E5A9A576A6A2B57980 /* Pods */,
			);
			indentWidth = 2;
			sourceTree = "<group>";
			tabWidth = 2;
			usesTabs = 0;
		};
		83CBBA001A601CBA00E9B192 /* Products */ = {
			isa = PBXGroup;
			children = (
				13B07F961A680F5B00A75B9A /* Seek.app */,
			);
			name = Products;
			sourceTree = "<group>";
		};
		AE2D56F50A4845E09545597E /* Resources */ = {
			isa = PBXGroup;
			children = (
				37593D8826827206005C2CA7 /* Whitney-SemiboldItalic-Pro.otf */,
				684CC0AC08D94E7280C030CF /* Whitney-Medium-Pro.otf */,
				379EB0DD25101F630059D835 /* taxonomy.json */,
				379EB0DF25101F6A0059D835 /* optimized_model.mlmodel */,
				64F4396A383A4CE5AFC7F594 /* Whitney-Book-Pro.otf */,
				E5D720CBEB824CA1925D443A /* Whitney-BookItalic-Pro.otf */,
				FAE6ABEBDBF647C19D92F65B /* Whitney-Light-Pro.otf */,
				15FDDD02CC4441A8989F73FA /* Whitney-Semibold-Pro.otf */,
			);
			name = Resources;
			sourceTree = "<group>";
		};
/* End PBXGroup section */

/* Begin PBXNativeTarget section */
		13B07F861A680F5B00A75B9A /* Seek */ = {
			isa = PBXNativeTarget;
			buildConfigurationList = 13B07F931A680F5B00A75B9A /* Build configuration list for PBXNativeTarget "Seek" */;
			buildPhases = (
				A7422B76E0DF34338A0717C6 /* [CP] Check Pods Manifest.lock */,
				13B07F871A680F5B00A75B9A /* Sources */,
				13B07F8E1A680F5B00A75B9A /* Resources */,
				13B07F8C1A680F5B00A75B9A /* Frameworks */,
				00DD1BFF1BD5951E006B06BC /* Bundle React Native code and images */,
				370DC8E5216FC4C9000A29BA /* Embed Frameworks */,
				81230254EE264057AD81EF9A /* [CP] Copy Pods Resources */,
			);
			buildRules = (
			);
			dependencies = (
			);
			name = Seek;
			productName = "Hello World";
			productReference = 13B07F961A680F5B00A75B9A /* Seek.app */;
			productType = "com.apple.product-type.application";
		};
/* End PBXNativeTarget section */

/* Begin PBXProject section */
		83CBB9F71A601CBA00E9B192 /* Project object */ = {
			isa = PBXProject;
			attributes = {
				LastSwiftUpdateCheck = 1150;
				LastUpgradeCheck = 1130;
				ORGANIZATIONNAME = iNaturalist;
				TargetAttributes = {
					13B07F861A680F5B00A75B9A = {
						DevelopmentTeam = N5J7L4P93Z;
						LastSwiftMigration = 1140;
						SystemCapabilities = {
							com.apple.ApplicationGroups.iOS = {
								enabled = 1;
							};
						};
					};
				};
			};
			buildConfigurationList = 83CBB9FA1A601CBA00E9B192 /* Build configuration list for PBXProject "Seek" */;
			compatibilityVersion = "Xcode 3.2";
			developmentRegion = en;
			hasScannedForEncodings = 0;
			knownRegions = (
				en,
				Base,
				"zh-Hant",
				es,
				nl,
				fr,
				de,
				da,
				ru,
				tr,
				it,
				ca,
				nb,
				sv,
				af,
				fi,
				cs,
				he,
				ar,
				ro,
				"pt-BR",
				ja,
				pl,
				"es-MX",
				eu,
				"si-LK",
				el,
			);
			mainGroup = 83CBB9F61A601CBA00E9B192;
			productRefGroup = 83CBBA001A601CBA00E9B192 /* Products */;
			projectDirPath = "";
			projectReferences = (
				{
					ProductGroup = 3741930F2177DC86007414A3 /* Products */;
					ProjectRef = A137AD88526A4B3F959EFA73 /* RNGL.xcodeproj */;
				},
			);
			projectRoot = "";
			targets = (
				13B07F861A680F5B00A75B9A /* Seek */,
			);
		};
/* End PBXProject section */

/* Begin PBXReferenceProxy section */
		374193132177DC86007414A3 /* libRNGL.a */ = {
			isa = PBXReferenceProxy;
			fileType = archive.ar;
			path = libRNGL.a;
			remoteRef = 374193122177DC86007414A3 /* PBXContainerItemProxy */;
			sourceTree = BUILT_PRODUCTS_DIR;
		};
/* End PBXReferenceProxy section */

/* Begin PBXResourcesBuildPhase section */
		13B07F8E1A680F5B00A75B9A /* Resources */ = {
			isa = PBXResourcesBuildPhase;
			buildActionMask = 2147483647;
			files = (
				13B07FBF1A68108700A75B9A /* Images.xcassets in Resources */,
				379EB0DE25101F630059D835 /* taxonomy.json in Resources */,
				4370DA2F52B544B192BCC02B /* Whitney-Medium-Pro.otf in Resources */,
				9AC64861B6B14E9B9D1EEDD9 /* Whitney-Semibold-Pro.otf in Resources */,
				AD60F69F0DDC4620A56B7ED5 /* Whitney-Book-Pro.otf in Resources */,
				37593D8926827206005C2CA7 /* Whitney-SemiboldItalic-Pro.otf in Resources */,
				CB48647667734138B2A82CE7 /* Whitney-BookItalic-Pro.otf in Resources */,
				3750FC0326CC35EF00C6F1DA /* Launch Screen.storyboard in Resources */,
				FDF5B89C59BD4E16B8381B96 /* Whitney-Light-Pro.otf in Resources */,
			);
			runOnlyForDeploymentPostprocessing = 0;
		};
/* End PBXResourcesBuildPhase section */

/* Begin PBXShellScriptBuildPhase section */
		00DD1BFF1BD5951E006B06BC /* Bundle React Native code and images */ = {
			isa = PBXShellScriptBuildPhase;
			buildActionMask = 2147483647;
			files = (
			);
			inputPaths = (
			);
			name = "Bundle React Native code and images";
			outputPaths = (
			);
			runOnlyForDeploymentPostprocessing = 0;
			shellPath = /bin/sh;
			shellScript = "export NODE_BINARY=node\n../node_modules/react-native/scripts/react-native-xcode.sh\n";
		};
		81230254EE264057AD81EF9A /* [CP] Copy Pods Resources */ = {
			isa = PBXShellScriptBuildPhase;
			buildActionMask = 2147483647;
			files = (
			);
			inputPaths = (
				"${PODS_ROOT}/Target Support Files/Pods-Seek/Pods-Seek-resources.sh",
				"${PODS_CONFIGURATION_BUILD_DIR}/React-Core/AccessibilityResources.bundle",
				"${PODS_CONFIGURATION_BUILD_DIR}/TOCropViewController/TOCropViewControllerBundle.bundle",
			);
			name = "[CP] Copy Pods Resources";
			outputPaths = (
				"${TARGET_BUILD_DIR}/${UNLOCALIZED_RESOURCES_FOLDER_PATH}/AccessibilityResources.bundle",
				"${TARGET_BUILD_DIR}/${UNLOCALIZED_RESOURCES_FOLDER_PATH}/TOCropViewControllerBundle.bundle",
			);
			runOnlyForDeploymentPostprocessing = 0;
			shellPath = /bin/sh;
			shellScript = "\"${PODS_ROOT}/Target Support Files/Pods-Seek/Pods-Seek-resources.sh\"\n";
			showEnvVarsInLog = 0;
		};
		A7422B76E0DF34338A0717C6 /* [CP] Check Pods Manifest.lock */ = {
			isa = PBXShellScriptBuildPhase;
			buildActionMask = 2147483647;
			files = (
			);
			inputFileListPaths = (
			);
			inputPaths = (
				"${PODS_PODFILE_DIR_PATH}/Podfile.lock",
				"${PODS_ROOT}/Manifest.lock",
			);
			name = "[CP] Check Pods Manifest.lock";
			outputFileListPaths = (
			);
			outputPaths = (
				"$(DERIVED_FILE_DIR)/Pods-Seek-checkManifestLockResult.txt",
			);
			runOnlyForDeploymentPostprocessing = 0;
			shellPath = /bin/sh;
			shellScript = "diff \"${PODS_PODFILE_DIR_PATH}/Podfile.lock\" \"${PODS_ROOT}/Manifest.lock\" > /dev/null\nif [ $? != 0 ] ; then\n    # print error to STDERR\n    echo \"error: The sandbox is not in sync with the Podfile.lock. Run 'pod install' or update your CocoaPods installation.\" >&2\n    exit 1\nfi\n# This output is used by Xcode 'outputs' to avoid re-running this script phase.\necho \"SUCCESS\" > \"${SCRIPT_OUTPUT_FILE_0}\"\n";
			showEnvVarsInLog = 0;
		};
/* End PBXShellScriptBuildPhase section */

/* Begin PBXSourcesBuildPhase section */
		13B07F871A680F5B00A75B9A /* Sources */ = {
			isa = PBXSourcesBuildPhase;
			buildActionMask = 2147483647;
			files = (
				378785D7244E5B7C00D4509C /* File.swift in Sources */,
				13B07FBC1A68108700A75B9A /* AppDelegate.m in Sources */,
				13B07FC11A68108700A75B9A /* main.m in Sources */,
				379EB0E025101F6A0059D835 /* optimized_model.mlmodel in Sources */,
			);
			runOnlyForDeploymentPostprocessing = 0;
		};
/* End PBXSourcesBuildPhase section */

/* Begin XCBuildConfiguration section */
		13B07F941A680F5B00A75B9A /* Debug */ = {
			isa = XCBuildConfiguration;
			baseConfigurationReference = 30CA28AFC0A1387CDB9AC26A /* Pods-Seek.debug.xcconfig */;
			buildSettings = {
				ASSETCATALOG_COMPILER_APPICON_NAME = AppIcon;
				CLANG_ENABLE_MODULES = YES;
				CODE_SIGN_ENTITLEMENTS = Seek/Seek.entitlements;
				CURRENT_PROJECT_VERSION = 1;
				DEVELOPMENT_TEAM = N5J7L4P93Z;
				ENABLE_BITCODE = NO;
				FRAMEWORK_SEARCH_PATHS = (
					"$(inherited)",
					"$(PROJECT_DIR)",
				);
				GCC_PREPROCESSOR_DEFINITIONS = (
					"$(inherited)",
					"FB_SONARKIT_ENABLED=1",
				);
				"GCC_PREPROCESSOR_DEFINITIONS[arch=*]" = "$(inherited)";
				HEADER_SEARCH_PATHS = (
					"$(inherited)",
					"$(SRCROOT)/.../node_modules/react-native-inat-camera/ios/**",
					"$(SRCROOT)/.../node_modules/react-native-open-settings/**",
				);
				INFOPLIST_FILE = Seek/Info.plist;
				IPHONEOS_DEPLOYMENT_TARGET = 10.0;
				LD_RUNPATH_SEARCH_PATHS = "$(inherited) @executable_path/Frameworks";
				OTHER_CFLAGS = (
					"$(inherited)",
					"-DFB_SONARKIT_ENABLED=1",
				);
				OTHER_LDFLAGS = "$(inherited)";
				PRODUCT_BUNDLE_IDENTIFIER = org.inaturalist.iNatLite;
				PRODUCT_NAME = Seek;
				SWIFT_OBJC_BRIDGING_HEADER = "Seek-Bridging-Header.h";
				SWIFT_OPTIMIZATION_LEVEL = "-Onone";
				SWIFT_VERSION = 5.0;
				TARGETED_DEVICE_FAMILY = "1,2";
				VERSIONING_SYSTEM = "apple-generic";
			};
			name = Debug;
		};
		13B07F951A680F5B00A75B9A /* Release */ = {
			isa = XCBuildConfiguration;
			baseConfigurationReference = 0E2161BD1777112D40847F56 /* Pods-Seek.release.xcconfig */;
			buildSettings = {
				ASSETCATALOG_COMPILER_APPICON_NAME = AppIcon;
				CLANG_ENABLE_MODULES = YES;
				CODE_SIGN_ENTITLEMENTS = Seek/Seek.entitlements;
				CURRENT_PROJECT_VERSION = 1;
				DEVELOPMENT_TEAM = N5J7L4P93Z;
				FRAMEWORK_SEARCH_PATHS = (
					"$(inherited)",
					"$(PROJECT_DIR)",
				);
				"GCC_PREPROCESSOR_DEFINITIONS[arch=*]" = "$(inherited)";
				HEADER_SEARCH_PATHS = (
					"$(inherited)",
					"$(SRCROOT)/.../node_modules/react-native-inat-camera/ios/**",
					"$(SRCROOT)/.../node_modules/react-native-open-settings/**",
				);
				INFOPLIST_FILE = Seek/Info.plist;
				IPHONEOS_DEPLOYMENT_TARGET = 10.0;
				LD_RUNPATH_SEARCH_PATHS = "$(inherited) @executable_path/Frameworks";
				OTHER_CFLAGS = (
					"$(inherited)",
					"-DFB_SONARKIT_ENABLED=1",
				);
				OTHER_LDFLAGS = "$(inherited)";
				PRODUCT_BUNDLE_IDENTIFIER = org.inaturalist.iNatLite;
				PRODUCT_NAME = Seek;
				SWIFT_OBJC_BRIDGING_HEADER = "Seek-Bridging-Header.h";
				SWIFT_VERSION = 5.0;
				TARGETED_DEVICE_FAMILY = "1,2";
				VERSIONING_SYSTEM = "apple-generic";
			};
			name = Release;
		};
		83CBBA201A601CBA00E9B192 /* Debug */ = {
			isa = XCBuildConfiguration;
			buildSettings = {
				ALWAYS_SEARCH_USER_PATHS = NO;
				CLANG_ANALYZER_LOCALIZABILITY_NONLOCALIZED = YES;
				CLANG_CXX_LANGUAGE_STANDARD = "gnu++0x";
				CLANG_CXX_LIBRARY = "libc++";
				CLANG_ENABLE_MODULES = YES;
				CLANG_ENABLE_OBJC_ARC = YES;
				CLANG_WARN_BLOCK_CAPTURE_AUTORELEASING = YES;
				CLANG_WARN_BOOL_CONVERSION = YES;
				CLANG_WARN_COMMA = YES;
				CLANG_WARN_CONSTANT_CONVERSION = YES;
				CLANG_WARN_DEPRECATED_OBJC_IMPLEMENTATIONS = YES;
				CLANG_WARN_DIRECT_OBJC_ISA_USAGE = YES_ERROR;
				CLANG_WARN_EMPTY_BODY = YES;
				CLANG_WARN_ENUM_CONVERSION = YES;
				CLANG_WARN_INFINITE_RECURSION = YES;
				CLANG_WARN_INT_CONVERSION = YES;
				CLANG_WARN_NON_LITERAL_NULL_CONVERSION = YES;
				CLANG_WARN_OBJC_IMPLICIT_RETAIN_SELF = YES;
				CLANG_WARN_OBJC_LITERAL_CONVERSION = YES;
				CLANG_WARN_OBJC_ROOT_CLASS = YES_ERROR;
				CLANG_WARN_RANGE_LOOP_ANALYSIS = YES;
				CLANG_WARN_STRICT_PROTOTYPES = YES;
				CLANG_WARN_SUSPICIOUS_MOVE = YES;
				CLANG_WARN_UNREACHABLE_CODE = YES;
				CLANG_WARN__DUPLICATE_METHOD_MATCH = YES;
				"CODE_SIGN_IDENTITY[sdk=iphoneos*]" = "iPhone Developer";
				COPY_PHASE_STRIP = NO;
				ENABLE_STRICT_OBJC_MSGSEND = YES;
				ENABLE_TESTABILITY = YES;
				"EXCLUDED_ARCHS[sdk=iphonesimulator*]" = "arm64 ";
				GCC_C_LANGUAGE_STANDARD = gnu99;
				GCC_DYNAMIC_NO_PIC = NO;
				GCC_NO_COMMON_BLOCKS = YES;
				GCC_OPTIMIZATION_LEVEL = 0;
				GCC_PREPROCESSOR_DEFINITIONS = (
					"DEBUG=1",
					"$(inherited)",
				);
				GCC_SYMBOLS_PRIVATE_EXTERN = NO;
				GCC_WARN_64_TO_32_BIT_CONVERSION = YES;
				GCC_WARN_ABOUT_RETURN_TYPE = YES_ERROR;
				GCC_WARN_UNDECLARED_SELECTOR = YES;
				GCC_WARN_UNINITIALIZED_AUTOS = YES_AGGRESSIVE;
				GCC_WARN_UNUSED_FUNCTION = YES;
				GCC_WARN_UNUSED_VARIABLE = YES;
				IPHONEOS_DEPLOYMENT_TARGET = 13.6;
				LIBRARY_SEARCH_PATHS = (
					"$(TOOLCHAIN_DIR)/usr/lib/swift/$(PLATFORM_NAME)",
					"$(TOOLCHAIN_DIR)/usr/lib/swift-5.0/$(PLATFORM_NAME)",
					"\"$(inherited)\"",
				);
				MTL_ENABLE_DEBUG_INFO = YES;
				ONLY_ACTIVE_ARCH = YES;
				SDKROOT = iphoneos;
			};
			name = Debug;
		};
		83CBBA211A601CBA00E9B192 /* Release */ = {
			isa = XCBuildConfiguration;
			buildSettings = {
				ALWAYS_SEARCH_USER_PATHS = NO;
				CLANG_ANALYZER_LOCALIZABILITY_NONLOCALIZED = YES;
				CLANG_CXX_LANGUAGE_STANDARD = "gnu++0x";
				CLANG_CXX_LIBRARY = "libc++";
				CLANG_ENABLE_MODULES = YES;
				CLANG_ENABLE_OBJC_ARC = YES;
				CLANG_WARN_BLOCK_CAPTURE_AUTORELEASING = YES;
				CLANG_WARN_BOOL_CONVERSION = YES;
				CLANG_WARN_COMMA = YES;
				CLANG_WARN_CONSTANT_CONVERSION = YES;
				CLANG_WARN_DEPRECATED_OBJC_IMPLEMENTATIONS = YES;
				CLANG_WARN_DIRECT_OBJC_ISA_USAGE = YES_ERROR;
				CLANG_WARN_EMPTY_BODY = YES;
				CLANG_WARN_ENUM_CONVERSION = YES;
				CLANG_WARN_INFINITE_RECURSION = YES;
				CLANG_WARN_INT_CONVERSION = YES;
				CLANG_WARN_NON_LITERAL_NULL_CONVERSION = YES;
				CLANG_WARN_OBJC_IMPLICIT_RETAIN_SELF = YES;
				CLANG_WARN_OBJC_LITERAL_CONVERSION = YES;
				CLANG_WARN_OBJC_ROOT_CLASS = YES_ERROR;
				CLANG_WARN_RANGE_LOOP_ANALYSIS = YES;
				CLANG_WARN_STRICT_PROTOTYPES = YES;
				CLANG_WARN_SUSPICIOUS_MOVE = YES;
				CLANG_WARN_UNREACHABLE_CODE = YES;
				CLANG_WARN__DUPLICATE_METHOD_MATCH = YES;
				"CODE_SIGN_IDENTITY[sdk=iphoneos*]" = "iPhone Developer";
				COPY_PHASE_STRIP = YES;
				ENABLE_NS_ASSERTIONS = NO;
				ENABLE_STRICT_OBJC_MSGSEND = YES;
				"EXCLUDED_ARCHS[sdk=iphonesimulator*]" = "arm64 ";
				GCC_C_LANGUAGE_STANDARD = gnu99;
				GCC_NO_COMMON_BLOCKS = YES;
				GCC_WARN_64_TO_32_BIT_CONVERSION = YES;
				GCC_WARN_ABOUT_RETURN_TYPE = YES_ERROR;
				GCC_WARN_UNDECLARED_SELECTOR = YES;
				GCC_WARN_UNINITIALIZED_AUTOS = YES_AGGRESSIVE;
				GCC_WARN_UNUSED_FUNCTION = YES;
				GCC_WARN_UNUSED_VARIABLE = YES;
				IPHONEOS_DEPLOYMENT_TARGET = 13.6;
				LIBRARY_SEARCH_PATHS = (
					"$(TOOLCHAIN_DIR)/usr/lib/swift/$(PLATFORM_NAME)",
					"$(TOOLCHAIN_DIR)/usr/lib/swift-5.0/$(PLATFORM_NAME)",
					"\"$(inherited)\"",
				);
				MTL_ENABLE_DEBUG_INFO = NO;
				SDKROOT = iphoneos;
				VALIDATE_PRODUCT = YES;
			};
			name = Release;
		};
/* End XCBuildConfiguration section */

/* Begin XCConfigurationList section */
		13B07F931A680F5B00A75B9A /* Build configuration list for PBXNativeTarget "Seek" */ = {
			isa = XCConfigurationList;
			buildConfigurations = (
				13B07F941A680F5B00A75B9A /* Debug */,
				13B07F951A680F5B00A75B9A /* Release */,
			);
			defaultConfigurationIsVisible = 0;
			defaultConfigurationName = Release;
		};
		83CBB9FA1A601CBA00E9B192 /* Build configuration list for PBXProject "Seek" */ = {
			isa = XCConfigurationList;
			buildConfigurations = (
				83CBBA201A601CBA00E9B192 /* Debug */,
				83CBBA211A601CBA00E9B192 /* Release */,
			);
			defaultConfigurationIsVisible = 0;
			defaultConfigurationName = Release;
		};
/* End XCConfigurationList section */
	};
	rootObject = 83CBB9F71A601CBA00E9B192 /* Project object */;
}
